// !$*UTF8*$!
{
	archiveVersion = 1;
	classes = {
	};
	objectVersion = 46;
	objects = {

/* Begin PBXBuildFile section */
		57C416721E4CF36C0064C551 /* AZSServicePropertiesTests.m in Sources */ = {isa = PBXBuildFile; fileRef = 57C416711E4CF36C0064C551 /* AZSServicePropertiesTests.m */; };
		57DE26E41E5CFABB00C66065 /* TestResources in Resources */ = {isa = PBXBuildFile; fileRef = 57DE26E31E5CFABB00C66065 /* TestResources */; };
		693220441C16439500B07D98 /* AZSTestSemaphore.m in Sources */ = {isa = PBXBuildFile; fileRef = 693220421C16439500B07D98 /* AZSTestSemaphore.m */; };
		69A278081C24A6A000981FF0 /* AZSAccountSasTests.m in Sources */ = {isa = PBXBuildFile; fileRef = 69A278071C24A6A000981FF0 /* AZSAccountSasTests.m */; };
		69FF6EBF1B83C56200AF4FDE /* AZSLeaseTests.m in Sources */ = {isa = PBXBuildFile; fileRef = 69FF6EBE1B83C56200AF4FDE /* AZSLeaseTests.m */; };
		B01B6C2A1C24ADEA004D7CFE /* AZSCloudAppendBlobTests.m in Sources */ = {isa = PBXBuildFile; fileRef = B01B6C291C24ADEA004D7CFE /* AZSCloudAppendBlobTests.m */; };
		B02EF9911B14EFD3005F1DE2 /* AZSTestBase.m in Sources */ = {isa = PBXBuildFile; fileRef = B02EF9901B14EFD3005F1DE2 /* AZSTestBase.m */; };
		B02EF9941B14F10B005F1DE2 /* AZSBlobTestBase.m in Sources */ = {isa = PBXBuildFile; fileRef = B02EF9931B14F10B005F1DE2 /* AZSBlobTestBase.m */; };
		B0432F5E1CE3CB8200FF4E5A /* AZSULLRangeTests.m in Sources */ = {isa = PBXBuildFile; fileRef = B0432F5D1CE3CB8200FF4E5A /* AZSULLRangeTests.m */; };
		B04A084C1B274C7100998078 /* AZSTestHelpers.m in Sources */ = {isa = PBXBuildFile; fileRef = B04A084B1B274C7100998078 /* AZSTestHelpers.m */; };
		B057B3061C4421C0008BF6E5 /* AZSReadFromSecondaryTest.m in Sources */ = {isa = PBXBuildFile; fileRef = B057B3051C4421C0008BF6E5 /* AZSReadFromSecondaryTest.m */; };
		B05A0E771B0BF97E005DCF06 /* libxml2.2.dylib in Frameworks */ = {isa = PBXBuildFile; fileRef = B05A0E721B0BF8C7005DCF06 /* libxml2.2.dylib */; };
		B05A0E7A1B1262BD005DCF06 /* AZSCloudBlobContainerTests.m in Sources */ = {isa = PBXBuildFile; fileRef = B05A0E791B1262BD005DCF06 /* AZSCloudBlobContainerTests.m */; };
		B05A0E7C1B12645C005DCF06 /* AZSCloudStorageAccountTests.m in Sources */ = {isa = PBXBuildFile; fileRef = B05A0E7B1B12645C005DCF06 /* AZSCloudStorageAccountTests.m */; };
		B05A0E7E1B1264E8005DCF06 /* AZSCloudBlobClientTests.m in Sources */ = {isa = PBXBuildFile; fileRef = B05A0E7D1B1264E8005DCF06 /* AZSCloudBlobClientTests.m */; };
		B05A0E801B126592005DCF06 /* AZSCloudBlockBlobTests.m in Sources */ = {isa = PBXBuildFile; fileRef = B05A0E7F1B126592005DCF06 /* AZSCloudBlockBlobTests.m */; };
		B05EC6E21B28E63F0048EDD4 /* AZSBlobOutputStreamTests.m in Sources */ = {isa = PBXBuildFile; fileRef = B05EC6E11B28E63F0048EDD4 /* AZSBlobOutputStreamTests.m */; };
		B06CA9E81B748083001B7303 /* AZSTestRetry.m in Sources */ = {isa = PBXBuildFile; fileRef = B06CA9E71B748083001B7303 /* AZSTestRetry.m */; };
		B09BDEAA1C1A4BB5004D2F94 /* AZSCloudBlobDirectoryTests.m in Sources */ = {isa = PBXBuildFile; fileRef = B09BDEA91C1A4BB5004D2F94 /* AZSCloudBlobDirectoryTests.m */; };
		B0DD6B631C2087C5004B3A7D /* AZSCloudPageBlobTests.m in Sources */ = {isa = PBXBuildFile; fileRef = B0DD6B621C2087C5004B3A7D /* AZSCloudPageBlobTests.m */; };
		BE4510521A9D252300C3F971 /* XCTest.framework in Frameworks */ = {isa = PBXBuildFile; fileRef = BE4510511A9D252300C3F971 /* XCTest.framework */; };
		BE4510531A9D252300C3F971 /* Foundation.framework in Frameworks */ = {isa = PBXBuildFile; fileRef = BE4510431A9D252300C3F971 /* Foundation.framework */; };
		BE4510551A9D252300C3F971 /* UIKit.framework in Frameworks */ = {isa = PBXBuildFile; fileRef = BE4510541A9D252300C3F971 /* UIKit.framework */; };
		BE45105E1A9D252300C3F971 /* InfoPlist.strings in Resources */ = {isa = PBXBuildFile; fileRef = BE45105C1A9D252300C3F971 /* InfoPlist.strings */; };
		BE45106C1A9D254600C3F971 /* AZSCloudBlockBlob.m in Sources */ = {isa = PBXBuildFile; fileRef = BE45106A1A9D254600C3F971 /* AZSCloudBlockBlob.m */; };
		BE7E3E501B165F6F00BC96B6 /* AZSBlobContainerProperties.m in Sources */ = {isa = PBXBuildFile; fileRef = BE7E3E4E1B165F6F00BC96B6 /* AZSBlobContainerProperties.m */; };
		BE7E3E541B18D80A00BC96B6 /* AZSBlobProperties.m in Sources */ = {isa = PBXBuildFile; fileRef = BE7E3E521B18D80A00BC96B6 /* AZSBlobProperties.m */; };
		BE7E3E581B18D82100BC96B6 /* AZSCopyState.m in Sources */ = {isa = PBXBuildFile; fileRef = BE7E3E561B18D82100BC96B6 /* AZSCopyState.m */; };
		BE7E3E601B1F9AEB00BC96B6 /* AZSRequestFactory.m in Sources */ = {isa = PBXBuildFile; fileRef = BE7E3E5E1B1F9AEB00BC96B6 /* AZSRequestFactory.m */; };
		BE7E3E641B277DB100BC96B6 /* AZSNoOpAuthenticationHandler.m in Sources */ = {isa = PBXBuildFile; fileRef = BE7E3E621B277DB100BC96B6 /* AZSNoOpAuthenticationHandler.m */; };
		BE90F9021B3DEC7900CD278B /* AZSNavigationUtil.m in Sources */ = {isa = PBXBuildFile; fileRef = BE90F9001B3DEC7900CD278B /* AZSNavigationUtil.m */; };
		BE90F9061B4EDF7300CD278B /* AZSUriQueryBuilder.m in Sources */ = {isa = PBXBuildFile; fileRef = BE90F9041B4EDF7300CD278B /* AZSUriQueryBuilder.m */; };
		BF21041123B8E3070016FEAA /* AZSClient.h in Headers */ = {isa = PBXBuildFile; fileRef = B0AFDF791CB7049F00C4B2FC /* AZSClient.h */; settings = {ATTRIBUTES = (Public, ); }; };
		BF21048323B8E4BC0016FEAA /* AZSConstants.h in Headers */ = {isa = PBXBuildFile; fileRef = 6970FD9B1C1A0BF0000F2EBB /* AZSConstants.h */; settings = {ATTRIBUTES = (Public, ); }; };
		BF21048423B8E4BC0016FEAA /* AZSEnums.h in Headers */ = {isa = PBXBuildFile; fileRef = B07ED5761AE72CF80012E8C1 /* AZSEnums.h */; settings = {ATTRIBUTES = (Public, ); }; };
		BF21048523B8E4BC0016FEAA /* AZSErrors.h in Headers */ = {isa = PBXBuildFile; fileRef = B0C0F5E31B44ADAB0080DC49 /* AZSErrors.h */; settings = {ATTRIBUTES = (Public, ); }; };
		BF21048623B8E4BC0016FEAA /* AZSMacros.h in Headers */ = {isa = PBXBuildFile; fileRef = BEC447701B75237200111ADA /* AZSMacros.h */; settings = {ATTRIBUTES = (Public, ); }; };
		BF21048723B8E4BC0016FEAA /* AZSAuthenticationHandler.h in Headers */ = {isa = PBXBuildFile; fileRef = B07ED5721AE714880012E8C1 /* AZSAuthenticationHandler.h */; settings = {ATTRIBUTES = (Public, ); }; };
		BF21048823B8E4BC0016FEAA /* AZSSharedKeyBlobAuthenticationHandler.h in Headers */ = {isa = PBXBuildFile; fileRef = B07ED57C1AE829FC0012E8C1 /* AZSSharedKeyBlobAuthenticationHandler.h */; settings = {ATTRIBUTES = (Public, ); }; };
		BF21048923B8E4BC0016FEAA /* AZSNoOpAuthenticationHandler.h in Headers */ = {isa = PBXBuildFile; fileRef = BE7E3E611B277DB100BC96B6 /* AZSNoOpAuthenticationHandler.h */; settings = {ATTRIBUTES = (Public, ); }; };
		BF21048A23B8E4BC0016FEAA /* AZSStorageCommand.h in Headers */ = {isa = PBXBuildFile; fileRef = B01AF6051AE08C63009A2022 /* AZSStorageCommand.h */; settings = {ATTRIBUTES = (Public, ); }; };
		BF21048B23B8E4BC0016FEAA /* AZSOperationContext.h in Headers */ = {isa = PBXBuildFile; fileRef = B01AF6081AE0920D009A2022 /* AZSOperationContext.h */; settings = {ATTRIBUTES = (Public, ); }; };
		BF21048C23B8E4BC0016FEAA /* AZSRequestResult.h in Headers */ = {isa = PBXBuildFile; fileRef = B01AF60B1AE092CE009A2022 /* AZSRequestResult.h */; settings = {ATTRIBUTES = (Public, ); }; };
		BF21048D23B8E4BC0016FEAA /* AZSExecutor.h in Headers */ = {isa = PBXBuildFile; fileRef = B01AF60E1AE098CB009A2022 /* AZSExecutor.h */; settings = {ATTRIBUTES = (Public, ); }; };
		BF21048E23B8E4BC0016FEAA /* AZSRequestOptions.h in Headers */ = {isa = PBXBuildFile; fileRef = B01AF6111AE099C5009A2022 /* AZSRequestOptions.h */; settings = {ATTRIBUTES = (Public, ); }; };
		BF21048F23B8E4BC0016FEAA /* AZSBlobRequestFactory.h in Headers */ = {isa = PBXBuildFile; fileRef = B07ED56B1AE6CE6A0012E8C1 /* AZSBlobRequestFactory.h */; settings = {ATTRIBUTES = (Public, ); }; };
		BF21049023B8E4BC0016FEAA /* AZSBlobResponseParser.h in Headers */ = {isa = PBXBuildFile; fileRef = B07ED58B1AE9CAE70012E8C1 /* AZSBlobResponseParser.h */; settings = {ATTRIBUTES = (Public, ); }; };
		BF21049123B8E4BC0016FEAA /* AZSBlobRequestXML.h in Headers */ = {isa = PBXBuildFile; fileRef = B01734021B0B04A500E5807C /* AZSBlobRequestXML.h */; settings = {ATTRIBUTES = (Public, ); }; };
		BF21049223B8E4BC0016FEAA /* AZSRequestFactory.h in Headers */ = {isa = PBXBuildFile; fileRef = BE7E3E5D1B1F9AEB00BC96B6 /* AZSRequestFactory.h */; settings = {ATTRIBUTES = (Public, ); }; };
		BF21049323B8E4BC0016FEAA /* AZSResponseParser.h in Headers */ = {isa = PBXBuildFile; fileRef = B0C0F5E61B44C8FC0080DC49 /* AZSResponseParser.h */; settings = {ATTRIBUTES = (Public, ); }; };
		BF21049423B8E4BC0016FEAA /* AZSSharedAccessBlobParameters.h in Headers */ = {isa = PBXBuildFile; fileRef = 6932203A1C16438600B07D98 /* AZSSharedAccessBlobParameters.h */; settings = {ATTRIBUTES = (Public, ); }; };
		BF21049523B8E4BC0016FEAA /* AZSCloudBlobDirectory.h in Headers */ = {isa = PBXBuildFile; fileRef = B09BDEA51C1A4787004D2F94 /* AZSCloudBlobDirectory.h */; settings = {ATTRIBUTES = (Public, ); }; };
		BF21049623B8E4BC0016FEAA /* AZSCloudBlobClient.h in Headers */ = {isa = PBXBuildFile; fileRef = B01AF5F31AE06DDC009A2022 /* AZSCloudBlobClient.h */; settings = {ATTRIBUTES = (Public, ); }; };
		BF21049723B8E4BC0016FEAA /* AZSCloudBlockBlob.h in Headers */ = {isa = PBXBuildFile; fileRef = BE4510691A9D254600C3F971 /* AZSCloudBlockBlob.h */; settings = {ATTRIBUTES = (Public, ); }; };
		BF21049823B8E4BC0016FEAA /* AZSCloudBlobContainer.h in Headers */ = {isa = PBXBuildFile; fileRef = B01AF5F01AE053BE009A2022 /* AZSCloudBlobContainer.h */; settings = {ATTRIBUTES = (Public, ); }; };
		BF21049923B8E4BC0016FEAA /* AZSBlobRequestOptions.h in Headers */ = {isa = PBXBuildFile; fileRef = B05DEAF61AF006A30023B955 /* AZSBlobRequestOptions.h */; settings = {ATTRIBUTES = (Public, ); }; };
		BF21049A23B8E4BC0016FEAA /* AZSCloudBlob.h in Headers */ = {isa = PBXBuildFile; fileRef = B01733FF1B0A59BE00E5807C /* AZSCloudBlob.h */; settings = {ATTRIBUTES = (Public, ); }; };
		BF21049B23B8E4BC0016FEAA /* AZSBlockListItem.h in Headers */ = {isa = PBXBuildFile; fileRef = B05A0E6F1B0BF308005DCF06 /* AZSBlockListItem.h */; settings = {ATTRIBUTES = (Public, ); }; };
		BF21049C23B8E4BC0016FEAA /* AZSBlobContainerProperties.h in Headers */ = {isa = PBXBuildFile; fileRef = BE7E3E4D1B165F6F00BC96B6 /* AZSBlobContainerProperties.h */; settings = {ATTRIBUTES = (Public, ); }; };
		BF21049D23B8E4BC0016FEAA /* AZSBlobProperties.h in Headers */ = {isa = PBXBuildFile; fileRef = BE7E3E511B18D80A00BC96B6 /* AZSBlobProperties.h */; settings = {ATTRIBUTES = (Public, ); }; };
		BF21049E23B8E4BC0016FEAA /* AZSCopyState.h in Headers */ = {isa = PBXBuildFile; fileRef = BE7E3E551B18D82100BC96B6 /* AZSCopyState.h */; settings = {ATTRIBUTES = (Public, ); }; };
		BF21049F23B8E4BC0016FEAA /* AZSBlobOutputStream.h in Headers */ = {isa = PBXBuildFile; fileRef = B05EC6DE1B27F47F0048EDD4 /* AZSBlobOutputStream.h */; settings = {ATTRIBUTES = (Public, ); }; };
		BF2104A023B8E4BC0016FEAA /* AZSBlobUploadHelper.h in Headers */ = {isa = PBXBuildFile; fileRef = B058A4951B55628700BB0F57 /* AZSBlobUploadHelper.h */; settings = {ATTRIBUTES = (Public, ); }; };
		BF2104A123B8E4BC0016FEAA /* AZSCloudPageBlob.h in Headers */ = {isa = PBXBuildFile; fileRef = B0DD6B5E1C208105004B3A7D /* AZSCloudPageBlob.h */; settings = {ATTRIBUTES = (Public, ); }; };
		BF2104A223B8E4BC0016FEAA /* AZSCloudAppendBlob.h in Headers */ = {isa = PBXBuildFile; fileRef = B0DD6B641C209175004B3A7D /* AZSCloudAppendBlob.h */; settings = {ATTRIBUTES = (Public, ); }; };
		BF2104A323B8E4BC0016FEAA /* AZSCloudClient.h in Headers */ = {isa = PBXBuildFile; fileRef = B01AF5F61AE06FFE009A2022 /* AZSCloudClient.h */; settings = {ATTRIBUTES = (Public, ); }; };
		BF2104A423B8E4BD0016FEAA /* AZSStorageCredentials.h in Headers */ = {isa = PBXBuildFile; fileRef = B01AF5F91AE0715D009A2022 /* AZSStorageCredentials.h */; settings = {ATTRIBUTES = (Public, ); }; };
		BF2104A523B8E4BD0016FEAA /* AZSStorageUri.h in Headers */ = {isa = PBXBuildFile; fileRef = B01AF5FC1AE0716F009A2022 /* AZSStorageUri.h */; settings = {ATTRIBUTES = (Public, ); }; };
		BF2104A623B8E4BD0016FEAA /* AZSCloudStorageAccount.h in Headers */ = {isa = PBXBuildFile; fileRef = B01AF5FF1AE0717D009A2022 /* AZSCloudStorageAccount.h */; settings = {ATTRIBUTES = (Public, ); }; };
		BF2104A723B8E4BD0016FEAA /* AZSUtil.h in Headers */ = {isa = PBXBuildFile; fileRef = B07ED57F1AE85E1B0012E8C1 /* AZSUtil.h */; settings = {ATTRIBUTES = (Public, ); }; };
		BF2104A823B8E4BD0016FEAA /* AZSResultSegment.h in Headers */ = {isa = PBXBuildFile; fileRef = B07ED5821AE9ACD90012E8C1 /* AZSResultSegment.h */; settings = {ATTRIBUTES = (Public, ); }; };
		BF2104A923B8E4BD0016FEAA /* AZSContinuationToken.h in Headers */ = {isa = PBXBuildFile; fileRef = B07ED5851AE9AD580012E8C1 /* AZSContinuationToken.h */; settings = {ATTRIBUTES = (Public, ); }; };
		BF2104AA23B8E4BD0016FEAA /* AZSAccessCondition.h in Headers */ = {isa = PBXBuildFile; fileRef = B07ED5881AE9AEDF0012E8C1 /* AZSAccessCondition.h */; settings = {ATTRIBUTES = (Public, ); }; };
		BF2104AB23B8E4BD0016FEAA /* AZSRetryInfo.h in Headers */ = {isa = PBXBuildFile; fileRef = B058A48C1B4F516900BB0F57 /* AZSRetryInfo.h */; settings = {ATTRIBUTES = (Public, ); }; };
		BF2104AC23B8E4BD0016FEAA /* AZSRetryContext.h in Headers */ = {isa = PBXBuildFile; fileRef = B058A48F1B4F517D00BB0F57 /* AZSRetryContext.h */; settings = {ATTRIBUTES = (Public, ); }; };
		BF2104AD23B8E4BD0016FEAA /* AZSRetryPolicy.h in Headers */ = {isa = PBXBuildFile; fileRef = B058A4921B4F518C00BB0F57 /* AZSRetryPolicy.h */; settings = {ATTRIBUTES = (Public, ); }; };
		BF2104AE23B8E4BD0016FEAA /* AZSSharedAccessAccountParameters.h in Headers */ = {isa = PBXBuildFile; fileRef = 69A278011C24A4DB00981FF0 /* AZSSharedAccessAccountParameters.h */; settings = {ATTRIBUTES = (Public, ); }; };
		BF2104AF23B8E4BD0016FEAA /* AZSSharedAccessHeaders.h in Headers */ = {isa = PBXBuildFile; fileRef = 6932202C1C16437100B07D98 /* AZSSharedAccessHeaders.h */; settings = {ATTRIBUTES = (Public, ); }; };
		BF2104B023B8E4BD0016FEAA /* AZSSharedAccessPolicy.h in Headers */ = {isa = PBXBuildFile; fileRef = 6932202E1C16437100B07D98 /* AZSSharedAccessPolicy.h */; settings = {ATTRIBUTES = (Public, ); }; };
		BF2104B123B8E4BD0016FEAA /* AZSIPRange.h in Headers */ = {isa = PBXBuildFile; fileRef = 69BE840E1C223F2B00AF170E /* AZSIPRange.h */; settings = {ATTRIBUTES = (Public, ); }; };
		BF2104B223B8E4BD0016FEAA /* AZSSharedAccessSignatureHelper.h in Headers */ = {isa = PBXBuildFile; fileRef = 693220301C16437100B07D98 /* AZSSharedAccessSignatureHelper.h */; settings = {ATTRIBUTES = (Public, ); }; };
		BF2104B323B8E4BD0016FEAA /* AZSNavigationUtil.h in Headers */ = {isa = PBXBuildFile; fileRef = BE90F8FF1B3DEC7900CD278B /* AZSNavigationUtil.h */; settings = {ATTRIBUTES = (Public, ); }; };
		BF2104B423B8E4BD0016FEAA /* AZSUriQueryBuilder.h in Headers */ = {isa = PBXBuildFile; fileRef = BE90F9031B4EDF7300CD278B /* AZSUriQueryBuilder.h */; settings = {ATTRIBUTES = (Public, ); }; };
		BF2104B523B8E4BD0016FEAA /* AZSULLRange.h in Headers */ = {isa = PBXBuildFile; fileRef = B0432F5C1CE3B05D00FF4E5A /* AZSULLRange.h */; settings = {ATTRIBUTES = (Public, ); }; };
		BF2104B623B8E4BD0016FEAA /* AZSServiceProperties.h in Headers */ = {isa = PBXBuildFile; fileRef = 57E4722A1DF7423A00B343AB /* AZSServiceProperties.h */; settings = {ATTRIBUTES = (Public, ); }; };
		BF2104B723B8E4BD0016FEAA /* AZSLoggingProperties.h in Headers */ = {isa = PBXBuildFile; fileRef = 57F37C011E1F09BB00FF130F /* AZSLoggingProperties.h */; settings = {ATTRIBUTES = (Public, ); }; };
		BF2104B823B8E4BD0016FEAA /* AZSMetricsProperties.h in Headers */ = {isa = PBXBuildFile; fileRef = 57F37C021E1F1D3400FF130F /* AZSMetricsProperties.h */; settings = {ATTRIBUTES = (Public, ); }; };
		BF2104B923B8E4BD0016FEAA /* AZSCorsRule.h in Headers */ = {isa = PBXBuildFile; fileRef = 57F37C0A1E2022B900FF130F /* AZSCorsRule.h */; settings = {ATTRIBUTES = (Public, ); }; };
		BF21058F23B8E7B50016FEAA /* Foundation.framework in Frameworks */ = {isa = PBXBuildFile; fileRef = BE4510431A9D252300C3F971 /* Foundation.framework */; };
		BF21059023B8E7EB0016FEAA /* AZSConstants.m in Sources */ = {isa = PBXBuildFile; fileRef = 6970FD9C1C1A0BF0000F2EBB /* AZSConstants.m */; };
		BF21059123B8E7EB0016FEAA /* AZSErrors.m in Sources */ = {isa = PBXBuildFile; fileRef = B0C0F5E41B44ADAB0080DC49 /* AZSErrors.m */; };
		BF21059223B8E7EB0016FEAA /* AZSSharedKeyBlobAuthenticationHandler.m in Sources */ = {isa = PBXBuildFile; fileRef = B07ED57D1AE829FC0012E8C1 /* AZSSharedKeyBlobAuthenticationHandler.m */; };
		BF21059323B8E7EB0016FEAA /* AZSNoOpAuthenticationHandler.m in Sources */ = {isa = PBXBuildFile; fileRef = BE7E3E621B277DB100BC96B6 /* AZSNoOpAuthenticationHandler.m */; };
		BF21059423B8E7EB0016FEAA /* AZSStorageCommand.m in Sources */ = {isa = PBXBuildFile; fileRef = B01AF6061AE08C63009A2022 /* AZSStorageCommand.m */; };
		BF21059523B8E7EB0016FEAA /* AZSOperationContext.m in Sources */ = {isa = PBXBuildFile; fileRef = B01AF6091AE0920D009A2022 /* AZSOperationContext.m */; };
		BF21059623B8E7EB0016FEAA /* AZSRequestResult.m in Sources */ = {isa = PBXBuildFile; fileRef = B01AF60C1AE092CE009A2022 /* AZSRequestResult.m */; };
		BF21059723B8E7EB0016FEAA /* AZSExecutor.m in Sources */ = {isa = PBXBuildFile; fileRef = B01AF60F1AE098CB009A2022 /* AZSExecutor.m */; };
		BF21059823B8E7EB0016FEAA /* AZSRequestOptions.m in Sources */ = {isa = PBXBuildFile; fileRef = B01AF6121AE099C5009A2022 /* AZSRequestOptions.m */; };
		BF21059923B8E7EB0016FEAA /* AZSBlobRequestFactory.m in Sources */ = {isa = PBXBuildFile; fileRef = B07ED56C1AE6CE6A0012E8C1 /* AZSBlobRequestFactory.m */; };
		BF21059A23B8E7EB0016FEAA /* AZSBlobResponseParser.m in Sources */ = {isa = PBXBuildFile; fileRef = B07ED58C1AE9CAE70012E8C1 /* AZSBlobResponseParser.m */; };
		BF21059B23B8E7EB0016FEAA /* AZSBlobRequestXML.m in Sources */ = {isa = PBXBuildFile; fileRef = B01734031B0B04A500E5807C /* AZSBlobRequestXML.m */; };
		BF21059C23B8E7EB0016FEAA /* AZSRequestFactory.m in Sources */ = {isa = PBXBuildFile; fileRef = BE7E3E5E1B1F9AEB00BC96B6 /* AZSRequestFactory.m */; };
		BF21059D23B8E7EB0016FEAA /* AZSResponseParser.m in Sources */ = {isa = PBXBuildFile; fileRef = B0C0F5E71B44C8FC0080DC49 /* AZSResponseParser.m */; };
		BF21059E23B8E7EB0016FEAA /* AZSSharedAccessBlobParameters.m in Sources */ = {isa = PBXBuildFile; fileRef = 6932203B1C16438600B07D98 /* AZSSharedAccessBlobParameters.m */; };
		BF21059F23B8E7EB0016FEAA /* AZSCloudBlobDirectory.m in Sources */ = {isa = PBXBuildFile; fileRef = B09BDEA61C1A4787004D2F94 /* AZSCloudBlobDirectory.m */; };
		BF2105A023B8E7EB0016FEAA /* AZSCloudBlobClient.m in Sources */ = {isa = PBXBuildFile; fileRef = B01AF5F41AE06DDC009A2022 /* AZSCloudBlobClient.m */; };
		BF2105A123B8E7EB0016FEAA /* AZSCloudBlockBlob.m in Sources */ = {isa = PBXBuildFile; fileRef = BE45106A1A9D254600C3F971 /* AZSCloudBlockBlob.m */; };
		BF2105A223B8E7EB0016FEAA /* AZSCloudBlobContainer.m in Sources */ = {isa = PBXBuildFile; fileRef = B01AF5F11AE053BE009A2022 /* AZSCloudBlobContainer.m */; };
		BF2105A323B8E7EB0016FEAA /* AZSBlobRequestOptions.m in Sources */ = {isa = PBXBuildFile; fileRef = B05DEAF71AF006A30023B955 /* AZSBlobRequestOptions.m */; };
		BF2105A423B8E7EB0016FEAA /* AZSCloudBlob.m in Sources */ = {isa = PBXBuildFile; fileRef = B01734001B0A59BE00E5807C /* AZSCloudBlob.m */; };
		BF2105A523B8E7EB0016FEAA /* AZSBlockListItem.m in Sources */ = {isa = PBXBuildFile; fileRef = B05A0E701B0BF308005DCF06 /* AZSBlockListItem.m */; };
		BF2105A623B8E7EB0016FEAA /* AZSBlobContainerProperties.m in Sources */ = {isa = PBXBuildFile; fileRef = BE7E3E4E1B165F6F00BC96B6 /* AZSBlobContainerProperties.m */; };
		BF2105A723B8E7EB0016FEAA /* AZSBlobProperties.m in Sources */ = {isa = PBXBuildFile; fileRef = BE7E3E521B18D80A00BC96B6 /* AZSBlobProperties.m */; };
		BF2105A823B8E7EB0016FEAA /* AZSCopyState.m in Sources */ = {isa = PBXBuildFile; fileRef = BE7E3E561B18D82100BC96B6 /* AZSCopyState.m */; };
		BF2105A923B8E7EB0016FEAA /* AZSBlobOutputStream.m in Sources */ = {isa = PBXBuildFile; fileRef = B05EC6DF1B27F47F0048EDD4 /* AZSBlobOutputStream.m */; };
		BF2105AA23B8E7EB0016FEAA /* AZSBlobUploadHelper.m in Sources */ = {isa = PBXBuildFile; fileRef = B058A4961B55628700BB0F57 /* AZSBlobUploadHelper.m */; };
		BF2105AB23B8E7EB0016FEAA /* AZSCloudPageBlob.m in Sources */ = {isa = PBXBuildFile; fileRef = B0DD6B5F1C208105004B3A7D /* AZSCloudPageBlob.m */; };
		BF2105AC23B8E7EB0016FEAA /* AZSCloudAppendBlob.m in Sources */ = {isa = PBXBuildFile; fileRef = B0DD6B651C209175004B3A7D /* AZSCloudAppendBlob.m */; };
		BF2105AD23B8E7EB0016FEAA /* AZSCloudClient.m in Sources */ = {isa = PBXBuildFile; fileRef = B01AF5F71AE06FFE009A2022 /* AZSCloudClient.m */; };
		BF2105AE23B8E7EB0016FEAA /* AZSStorageCredentials.m in Sources */ = {isa = PBXBuildFile; fileRef = B01AF5FA1AE0715D009A2022 /* AZSStorageCredentials.m */; };
		BF2105AF23B8E7EB0016FEAA /* AZSStorageUri.m in Sources */ = {isa = PBXBuildFile; fileRef = B01AF5FD1AE0716F009A2022 /* AZSStorageUri.m */; };
		BF2105B023B8E7EB0016FEAA /* AZSCloudStorageAccount.m in Sources */ = {isa = PBXBuildFile; fileRef = B01AF6001AE0717D009A2022 /* AZSCloudStorageAccount.m */; };
		BF2105B123B8E7EB0016FEAA /* AZSClient.m in Sources */ = {isa = PBXBuildFile; fileRef = B0AFDF771CB7046F00C4B2FC /* AZSClient.m */; };
		BF2105B223B8E7EB0016FEAA /* AZSUtil.m in Sources */ = {isa = PBXBuildFile; fileRef = B07ED5801AE85E1B0012E8C1 /* AZSUtil.m */; };
		BF2105B323B8E7EB0016FEAA /* AZSResultSegment.m in Sources */ = {isa = PBXBuildFile; fileRef = B07ED5831AE9ACD90012E8C1 /* AZSResultSegment.m */; };
		BF2105B423B8E7EB0016FEAA /* AZSContinuationToken.m in Sources */ = {isa = PBXBuildFile; fileRef = B07ED5861AE9AD580012E8C1 /* AZSContinuationToken.m */; };
		BF2105B523B8E7EB0016FEAA /* AZSAccessCondition.m in Sources */ = {isa = PBXBuildFile; fileRef = B07ED5891AE9AEDF0012E8C1 /* AZSAccessCondition.m */; };
		BF2105B623B8E7EB0016FEAA /* AZSRetryInfo.m in Sources */ = {isa = PBXBuildFile; fileRef = B058A48D1B4F516900BB0F57 /* AZSRetryInfo.m */; };
		BF2105B723B8E7EB0016FEAA /* AZSRetryContext.m in Sources */ = {isa = PBXBuildFile; fileRef = B058A4901B4F517D00BB0F57 /* AZSRetryContext.m */; };
		BF2105B823B8E7EB0016FEAA /* AZSRetryPolicy.m in Sources */ = {isa = PBXBuildFile; fileRef = B058A4931B4F518C00BB0F57 /* AZSRetryPolicy.m */; };
		BF2105B923B8E7EB0016FEAA /* AZSSharedAccessAccountParameters.m in Sources */ = {isa = PBXBuildFile; fileRef = 69A278021C24A4DB00981FF0 /* AZSSharedAccessAccountParameters.m */; };
		BF2105BA23B8E7EB0016FEAA /* AZSSharedAccessHeaders.m in Sources */ = {isa = PBXBuildFile; fileRef = 6932202D1C16437100B07D98 /* AZSSharedAccessHeaders.m */; };
		BF2105BB23B8E7EB0016FEAA /* AZSSharedAccessPolicy.m in Sources */ = {isa = PBXBuildFile; fileRef = 6932202F1C16437100B07D98 /* AZSSharedAccessPolicy.m */; };
		BF2105BC23B8E7EB0016FEAA /* AZSIPRange.m in Sources */ = {isa = PBXBuildFile; fileRef = 69BE840F1C223F2B00AF170E /* AZSIPRange.m */; };
		BF2105BD23B8E7EB0016FEAA /* AZSSharedAccessSignatureHelper.m in Sources */ = {isa = PBXBuildFile; fileRef = 693220311C16437100B07D98 /* AZSSharedAccessSignatureHelper.m */; };
		BF2105BE23B8E7EB0016FEAA /* AZSNavigationUtil.m in Sources */ = {isa = PBXBuildFile; fileRef = BE90F9001B3DEC7900CD278B /* AZSNavigationUtil.m */; };
		BF2105BF23B8E7EB0016FEAA /* AZSUriQueryBuilder.m in Sources */ = {isa = PBXBuildFile; fileRef = BE90F9041B4EDF7300CD278B /* AZSUriQueryBuilder.m */; };
		BF2105C023B8E7EB0016FEAA /* AZSServiceProperties.m in Sources */ = {isa = PBXBuildFile; fileRef = 57E472281DF73E7000B343AB /* AZSServiceProperties.m */; };
		BF2105C123B8E7EB0016FEAA /* AZSLoggingProperties.m in Sources */ = {isa = PBXBuildFile; fileRef = 57F37C031E1F290A00FF130F /* AZSLoggingProperties.m */; };
		BF2105C223B8E7EB0016FEAA /* AZSMetricsProperties.m in Sources */ = {isa = PBXBuildFile; fileRef = 57F37C051E1F292800FF130F /* AZSMetricsProperties.m */; };
		BF2105C323B8E7EB0016FEAA /* AZSCorsRule.m in Sources */ = {isa = PBXBuildFile; fileRef = 57F37C0B1E2022D300FF130F /* AZSCorsRule.m */; };
		BF21070923B915440016FEAA /* libxml2.tbd in Frameworks */ = {isa = PBXBuildFile; fileRef = BF2105C423B8E8BC0016FEAA /* libxml2.tbd */; };
/* End PBXBuildFile section */

/* Begin PBXFileReference section */
		57C416711E4CF36C0064C551 /* AZSServicePropertiesTests.m */ = {isa = PBXFileReference; fileEncoding = 4; lastKnownFileType = sourcecode.c.objc; path = AZSServicePropertiesTests.m; sourceTree = "<group>"; };
		57DE26E31E5CFABB00C66065 /* TestResources */ = {isa = PBXFileReference; lastKnownFileType = folder; name = TestResources; path = "Azure Storage Client LibraryTests/TestResources"; sourceTree = "<group>"; };
		57E472281DF73E7000B343AB /* AZSServiceProperties.m */ = {isa = PBXFileReference; fileEncoding = 4; lastKnownFileType = sourcecode.c.objc; path = AZSServiceProperties.m; sourceTree = "<group>"; };
		57E4722A1DF7423A00B343AB /* AZSServiceProperties.h */ = {isa = PBXFileReference; fileEncoding = 4; lastKnownFileType = sourcecode.c.h; path = AZSServiceProperties.h; sourceTree = "<group>"; };
		57F37C011E1F09BB00FF130F /* AZSLoggingProperties.h */ = {isa = PBXFileReference; lastKnownFileType = sourcecode.c.h; path = AZSLoggingProperties.h; sourceTree = "<group>"; };
		57F37C021E1F1D3400FF130F /* AZSMetricsProperties.h */ = {isa = PBXFileReference; lastKnownFileType = sourcecode.c.h; path = AZSMetricsProperties.h; sourceTree = "<group>"; };
		57F37C031E1F290A00FF130F /* AZSLoggingProperties.m */ = {isa = PBXFileReference; fileEncoding = 4; lastKnownFileType = sourcecode.c.objc; path = AZSLoggingProperties.m; sourceTree = "<group>"; };
		57F37C051E1F292800FF130F /* AZSMetricsProperties.m */ = {isa = PBXFileReference; fileEncoding = 4; lastKnownFileType = sourcecode.c.objc; path = AZSMetricsProperties.m; sourceTree = "<group>"; };
		57F37C0A1E2022B900FF130F /* AZSCorsRule.h */ = {isa = PBXFileReference; lastKnownFileType = sourcecode.c.h; path = AZSCorsRule.h; sourceTree = "<group>"; };
		57F37C0B1E2022D300FF130F /* AZSCorsRule.m */ = {isa = PBXFileReference; fileEncoding = 4; lastKnownFileType = sourcecode.c.objc; path = AZSCorsRule.m; sourceTree = "<group>"; };
		6932202C1C16437100B07D98 /* AZSSharedAccessHeaders.h */ = {isa = PBXFileReference; fileEncoding = 4; lastKnownFileType = sourcecode.c.h; path = AZSSharedAccessHeaders.h; sourceTree = "<group>"; };
		6932202D1C16437100B07D98 /* AZSSharedAccessHeaders.m */ = {isa = PBXFileReference; fileEncoding = 4; lastKnownFileType = sourcecode.c.objc; path = AZSSharedAccessHeaders.m; sourceTree = "<group>"; };
		6932202E1C16437100B07D98 /* AZSSharedAccessPolicy.h */ = {isa = PBXFileReference; fileEncoding = 4; lastKnownFileType = sourcecode.c.h; path = AZSSharedAccessPolicy.h; sourceTree = "<group>"; };
		6932202F1C16437100B07D98 /* AZSSharedAccessPolicy.m */ = {isa = PBXFileReference; fileEncoding = 4; lastKnownFileType = sourcecode.c.objc; path = AZSSharedAccessPolicy.m; sourceTree = "<group>"; };
		693220301C16437100B07D98 /* AZSSharedAccessSignatureHelper.h */ = {isa = PBXFileReference; fileEncoding = 4; lastKnownFileType = sourcecode.c.h; path = AZSSharedAccessSignatureHelper.h; sourceTree = "<group>"; };
		693220311C16437100B07D98 /* AZSSharedAccessSignatureHelper.m */ = {isa = PBXFileReference; fileEncoding = 4; lastKnownFileType = sourcecode.c.objc; path = AZSSharedAccessSignatureHelper.m; sourceTree = "<group>"; };
		6932203A1C16438600B07D98 /* AZSSharedAccessBlobParameters.h */ = {isa = PBXFileReference; fileEncoding = 4; lastKnownFileType = sourcecode.c.h; path = AZSSharedAccessBlobParameters.h; sourceTree = "<group>"; };
		6932203B1C16438600B07D98 /* AZSSharedAccessBlobParameters.m */ = {isa = PBXFileReference; fileEncoding = 4; lastKnownFileType = sourcecode.c.objc; path = AZSSharedAccessBlobParameters.m; sourceTree = "<group>"; };
		693220411C16439500B07D98 /* AZSTestSemaphore.h */ = {isa = PBXFileReference; fileEncoding = 4; lastKnownFileType = sourcecode.c.h; path = AZSTestSemaphore.h; sourceTree = "<group>"; };
		693220421C16439500B07D98 /* AZSTestSemaphore.m */ = {isa = PBXFileReference; fileEncoding = 4; lastKnownFileType = sourcecode.c.objc; path = AZSTestSemaphore.m; sourceTree = "<group>"; };
		6970FD9B1C1A0BF0000F2EBB /* AZSConstants.h */ = {isa = PBXFileReference; fileEncoding = 4; lastKnownFileType = sourcecode.c.h; path = AZSConstants.h; sourceTree = "<group>"; };
		6970FD9C1C1A0BF0000F2EBB /* AZSConstants.m */ = {isa = PBXFileReference; fileEncoding = 4; lastKnownFileType = sourcecode.c.objc; path = AZSConstants.m; sourceTree = "<group>"; };
		69A278011C24A4DB00981FF0 /* AZSSharedAccessAccountParameters.h */ = {isa = PBXFileReference; fileEncoding = 4; lastKnownFileType = sourcecode.c.h; path = AZSSharedAccessAccountParameters.h; sourceTree = "<group>"; };
		69A278021C24A4DB00981FF0 /* AZSSharedAccessAccountParameters.m */ = {isa = PBXFileReference; fileEncoding = 4; lastKnownFileType = sourcecode.c.objc; path = AZSSharedAccessAccountParameters.m; sourceTree = "<group>"; };
		69A278071C24A6A000981FF0 /* AZSAccountSasTests.m */ = {isa = PBXFileReference; fileEncoding = 4; lastKnownFileType = sourcecode.c.objc; path = AZSAccountSasTests.m; sourceTree = "<group>"; };
		69BE840E1C223F2B00AF170E /* AZSIPRange.h */ = {isa = PBXFileReference; fileEncoding = 4; lastKnownFileType = sourcecode.c.h; path = AZSIPRange.h; sourceTree = "<group>"; };
		69BE840F1C223F2B00AF170E /* AZSIPRange.m */ = {isa = PBXFileReference; fileEncoding = 4; lastKnownFileType = sourcecode.c.objc; path = AZSIPRange.m; sourceTree = "<group>"; };
		69FF6EBE1B83C56200AF4FDE /* AZSLeaseTests.m */ = {isa = PBXFileReference; fileEncoding = 4; lastKnownFileType = sourcecode.c.objc; path = AZSLeaseTests.m; sourceTree = "<group>"; };
		B01733FF1B0A59BE00E5807C /* AZSCloudBlob.h */ = {isa = PBXFileReference; fileEncoding = 4; lastKnownFileType = sourcecode.c.h; path = AZSCloudBlob.h; sourceTree = "<group>"; };
		B01734001B0A59BE00E5807C /* AZSCloudBlob.m */ = {isa = PBXFileReference; fileEncoding = 4; lastKnownFileType = sourcecode.c.objc; path = AZSCloudBlob.m; sourceTree = "<group>"; };
		B01734021B0B04A500E5807C /* AZSBlobRequestXML.h */ = {isa = PBXFileReference; fileEncoding = 4; lastKnownFileType = sourcecode.c.h; path = AZSBlobRequestXML.h; sourceTree = "<group>"; };
		B01734031B0B04A500E5807C /* AZSBlobRequestXML.m */ = {isa = PBXFileReference; fileEncoding = 4; lastKnownFileType = sourcecode.c.objc; path = AZSBlobRequestXML.m; sourceTree = "<group>"; };
		B01AF5F01AE053BE009A2022 /* AZSCloudBlobContainer.h */ = {isa = PBXFileReference; fileEncoding = 4; lastKnownFileType = sourcecode.c.h; path = AZSCloudBlobContainer.h; sourceTree = "<group>"; };
		B01AF5F11AE053BE009A2022 /* AZSCloudBlobContainer.m */ = {isa = PBXFileReference; fileEncoding = 4; lastKnownFileType = sourcecode.c.objc; path = AZSCloudBlobContainer.m; sourceTree = "<group>"; };
		B01AF5F31AE06DDC009A2022 /* AZSCloudBlobClient.h */ = {isa = PBXFileReference; fileEncoding = 4; lastKnownFileType = sourcecode.c.h; path = AZSCloudBlobClient.h; sourceTree = "<group>"; };
		B01AF5F41AE06DDC009A2022 /* AZSCloudBlobClient.m */ = {isa = PBXFileReference; fileEncoding = 4; lastKnownFileType = sourcecode.c.objc; path = AZSCloudBlobClient.m; sourceTree = "<group>"; };
		B01AF5F61AE06FFE009A2022 /* AZSCloudClient.h */ = {isa = PBXFileReference; fileEncoding = 4; lastKnownFileType = sourcecode.c.h; path = AZSCloudClient.h; sourceTree = "<group>"; };
		B01AF5F71AE06FFE009A2022 /* AZSCloudClient.m */ = {isa = PBXFileReference; fileEncoding = 4; lastKnownFileType = sourcecode.c.objc; path = AZSCloudClient.m; sourceTree = "<group>"; };
		B01AF5F91AE0715D009A2022 /* AZSStorageCredentials.h */ = {isa = PBXFileReference; fileEncoding = 4; lastKnownFileType = sourcecode.c.h; path = AZSStorageCredentials.h; sourceTree = "<group>"; };
		B01AF5FA1AE0715D009A2022 /* AZSStorageCredentials.m */ = {isa = PBXFileReference; fileEncoding = 4; lastKnownFileType = sourcecode.c.objc; path = AZSStorageCredentials.m; sourceTree = "<group>"; };
		B01AF5FC1AE0716F009A2022 /* AZSStorageUri.h */ = {isa = PBXFileReference; fileEncoding = 4; lastKnownFileType = sourcecode.c.h; path = AZSStorageUri.h; sourceTree = "<group>"; };
		B01AF5FD1AE0716F009A2022 /* AZSStorageUri.m */ = {isa = PBXFileReference; fileEncoding = 4; lastKnownFileType = sourcecode.c.objc; path = AZSStorageUri.m; sourceTree = "<group>"; };
		B01AF5FF1AE0717D009A2022 /* AZSCloudStorageAccount.h */ = {isa = PBXFileReference; fileEncoding = 4; lastKnownFileType = sourcecode.c.h; path = AZSCloudStorageAccount.h; sourceTree = "<group>"; };
		B01AF6001AE0717D009A2022 /* AZSCloudStorageAccount.m */ = {isa = PBXFileReference; fileEncoding = 4; lastKnownFileType = sourcecode.c.objc; path = AZSCloudStorageAccount.m; sourceTree = "<group>"; };
		B01AF6051AE08C63009A2022 /* AZSStorageCommand.h */ = {isa = PBXFileReference; fileEncoding = 4; lastKnownFileType = sourcecode.c.h; path = AZSStorageCommand.h; sourceTree = "<group>"; };
		B01AF6061AE08C63009A2022 /* AZSStorageCommand.m */ = {isa = PBXFileReference; fileEncoding = 4; lastKnownFileType = sourcecode.c.objc; path = AZSStorageCommand.m; sourceTree = "<group>"; };
		B01AF6081AE0920D009A2022 /* AZSOperationContext.h */ = {isa = PBXFileReference; fileEncoding = 4; lastKnownFileType = sourcecode.c.h; path = AZSOperationContext.h; sourceTree = "<group>"; };
		B01AF6091AE0920D009A2022 /* AZSOperationContext.m */ = {isa = PBXFileReference; fileEncoding = 4; lastKnownFileType = sourcecode.c.objc; path = AZSOperationContext.m; sourceTree = "<group>"; };
		B01AF60B1AE092CE009A2022 /* AZSRequestResult.h */ = {isa = PBXFileReference; fileEncoding = 4; lastKnownFileType = sourcecode.c.h; path = AZSRequestResult.h; sourceTree = "<group>"; };
		B01AF60C1AE092CE009A2022 /* AZSRequestResult.m */ = {isa = PBXFileReference; fileEncoding = 4; lastKnownFileType = sourcecode.c.objc; path = AZSRequestResult.m; sourceTree = "<group>"; };
		B01AF60E1AE098CB009A2022 /* AZSExecutor.h */ = {isa = PBXFileReference; fileEncoding = 4; lastKnownFileType = sourcecode.c.h; path = AZSExecutor.h; sourceTree = "<group>"; };
		B01AF60F1AE098CB009A2022 /* AZSExecutor.m */ = {isa = PBXFileReference; fileEncoding = 4; lastKnownFileType = sourcecode.c.objc; path = AZSExecutor.m; sourceTree = "<group>"; };
		B01AF6111AE099C5009A2022 /* AZSRequestOptions.h */ = {isa = PBXFileReference; fileEncoding = 4; lastKnownFileType = sourcecode.c.h; path = AZSRequestOptions.h; sourceTree = "<group>"; };
		B01AF6121AE099C5009A2022 /* AZSRequestOptions.m */ = {isa = PBXFileReference; fileEncoding = 4; lastKnownFileType = sourcecode.c.objc; path = AZSRequestOptions.m; sourceTree = "<group>"; };
		B01B6C291C24ADEA004D7CFE /* AZSCloudAppendBlobTests.m */ = {isa = PBXFileReference; fileEncoding = 4; lastKnownFileType = sourcecode.c.objc; path = AZSCloudAppendBlobTests.m; sourceTree = "<group>"; };
		B02EF98F1B14EFD3005F1DE2 /* AZSTestBase.h */ = {isa = PBXFileReference; fileEncoding = 4; lastKnownFileType = sourcecode.c.h; path = AZSTestBase.h; sourceTree = "<group>"; };
		B02EF9901B14EFD3005F1DE2 /* AZSTestBase.m */ = {isa = PBXFileReference; fileEncoding = 4; lastKnownFileType = sourcecode.c.objc; path = AZSTestBase.m; sourceTree = "<group>"; };
		B02EF9921B14F10B005F1DE2 /* AZSBlobTestBase.h */ = {isa = PBXFileReference; fileEncoding = 4; lastKnownFileType = sourcecode.c.h; path = AZSBlobTestBase.h; sourceTree = "<group>"; };
		B02EF9931B14F10B005F1DE2 /* AZSBlobTestBase.m */ = {isa = PBXFileReference; fileEncoding = 4; lastKnownFileType = sourcecode.c.objc; path = AZSBlobTestBase.m; sourceTree = "<group>"; };
		B0432F5C1CE3B05D00FF4E5A /* AZSULLRange.h */ = {isa = PBXFileReference; lastKnownFileType = sourcecode.c.h; path = AZSULLRange.h; sourceTree = "<group>"; };
		B0432F5D1CE3CB8200FF4E5A /* AZSULLRangeTests.m */ = {isa = PBXFileReference; fileEncoding = 4; lastKnownFileType = sourcecode.c.objc; path = AZSULLRangeTests.m; sourceTree = "<group>"; };
		B04A084A1B274C7100998078 /* AZSTestHelpers.h */ = {isa = PBXFileReference; fileEncoding = 4; lastKnownFileType = sourcecode.c.h; path = AZSTestHelpers.h; sourceTree = "<group>"; };
		B04A084B1B274C7100998078 /* AZSTestHelpers.m */ = {isa = PBXFileReference; fileEncoding = 4; lastKnownFileType = sourcecode.c.objc; path = AZSTestHelpers.m; sourceTree = "<group>"; };
		B057B3051C4421C0008BF6E5 /* AZSReadFromSecondaryTest.m */ = {isa = PBXFileReference; fileEncoding = 4; lastKnownFileType = sourcecode.c.objc; path = AZSReadFromSecondaryTest.m; sourceTree = "<group>"; };
		B058A48C1B4F516900BB0F57 /* AZSRetryInfo.h */ = {isa = PBXFileReference; fileEncoding = 4; lastKnownFileType = sourcecode.c.h; path = AZSRetryInfo.h; sourceTree = "<group>"; };
		B058A48D1B4F516900BB0F57 /* AZSRetryInfo.m */ = {isa = PBXFileReference; fileEncoding = 4; lastKnownFileType = sourcecode.c.objc; path = AZSRetryInfo.m; sourceTree = "<group>"; };
		B058A48F1B4F517D00BB0F57 /* AZSRetryContext.h */ = {isa = PBXFileReference; fileEncoding = 4; lastKnownFileType = sourcecode.c.h; path = AZSRetryContext.h; sourceTree = "<group>"; };
		B058A4901B4F517D00BB0F57 /* AZSRetryContext.m */ = {isa = PBXFileReference; fileEncoding = 4; lastKnownFileType = sourcecode.c.objc; path = AZSRetryContext.m; sourceTree = "<group>"; };
		B058A4921B4F518C00BB0F57 /* AZSRetryPolicy.h */ = {isa = PBXFileReference; fileEncoding = 4; lastKnownFileType = sourcecode.c.h; path = AZSRetryPolicy.h; sourceTree = "<group>"; };
		B058A4931B4F518C00BB0F57 /* AZSRetryPolicy.m */ = {isa = PBXFileReference; fileEncoding = 4; lastKnownFileType = sourcecode.c.objc; path = AZSRetryPolicy.m; sourceTree = "<group>"; };
		B058A4951B55628700BB0F57 /* AZSBlobUploadHelper.h */ = {isa = PBXFileReference; fileEncoding = 4; lastKnownFileType = sourcecode.c.h; path = AZSBlobUploadHelper.h; sourceTree = "<group>"; };
		B058A4961B55628700BB0F57 /* AZSBlobUploadHelper.m */ = {isa = PBXFileReference; fileEncoding = 4; lastKnownFileType = sourcecode.c.objc; path = AZSBlobUploadHelper.m; sourceTree = "<group>"; };
		B05A0E6F1B0BF308005DCF06 /* AZSBlockListItem.h */ = {isa = PBXFileReference; fileEncoding = 4; lastKnownFileType = sourcecode.c.h; path = AZSBlockListItem.h; sourceTree = "<group>"; };
		B05A0E701B0BF308005DCF06 /* AZSBlockListItem.m */ = {isa = PBXFileReference; fileEncoding = 4; lastKnownFileType = sourcecode.c.objc; path = AZSBlockListItem.m; sourceTree = "<group>"; };
		B05A0E721B0BF8C7005DCF06 /* libxml2.2.dylib */ = {isa = PBXFileReference; lastKnownFileType = "compiled.mach-o.dylib"; name = libxml2.2.dylib; path = usr/lib/libxml2.2.dylib; sourceTree = SDKROOT; };
		B05A0E791B1262BD005DCF06 /* AZSCloudBlobContainerTests.m */ = {isa = PBXFileReference; fileEncoding = 4; lastKnownFileType = sourcecode.c.objc; path = AZSCloudBlobContainerTests.m; sourceTree = "<group>"; };
		B05A0E7B1B12645C005DCF06 /* AZSCloudStorageAccountTests.m */ = {isa = PBXFileReference; fileEncoding = 4; lastKnownFileType = sourcecode.c.objc; path = AZSCloudStorageAccountTests.m; sourceTree = "<group>"; };
		B05A0E7D1B1264E8005DCF06 /* AZSCloudBlobClientTests.m */ = {isa = PBXFileReference; fileEncoding = 4; lastKnownFileType = sourcecode.c.objc; path = AZSCloudBlobClientTests.m; sourceTree = "<group>"; };
		B05A0E7F1B126592005DCF06 /* AZSCloudBlockBlobTests.m */ = {isa = PBXFileReference; fileEncoding = 4; lastKnownFileType = sourcecode.c.objc; path = AZSCloudBlockBlobTests.m; sourceTree = "<group>"; };
		B05DEAF61AF006A30023B955 /* AZSBlobRequestOptions.h */ = {isa = PBXFileReference; fileEncoding = 4; lastKnownFileType = sourcecode.c.h; path = AZSBlobRequestOptions.h; sourceTree = "<group>"; };
		B05DEAF71AF006A30023B955 /* AZSBlobRequestOptions.m */ = {isa = PBXFileReference; fileEncoding = 4; lastKnownFileType = sourcecode.c.objc; path = AZSBlobRequestOptions.m; sourceTree = "<group>"; };
		B05EC6DE1B27F47F0048EDD4 /* AZSBlobOutputStream.h */ = {isa = PBXFileReference; fileEncoding = 4; lastKnownFileType = sourcecode.c.h; path = AZSBlobOutputStream.h; sourceTree = "<group>"; };
		B05EC6DF1B27F47F0048EDD4 /* AZSBlobOutputStream.m */ = {isa = PBXFileReference; fileEncoding = 4; lastKnownFileType = sourcecode.c.objc; path = AZSBlobOutputStream.m; sourceTree = "<group>"; };
		B05EC6E11B28E63F0048EDD4 /* AZSBlobOutputStreamTests.m */ = {isa = PBXFileReference; fileEncoding = 4; lastKnownFileType = sourcecode.c.objc; path = AZSBlobOutputStreamTests.m; sourceTree = "<group>"; };
		B06CA9E71B748083001B7303 /* AZSTestRetry.m */ = {isa = PBXFileReference; fileEncoding = 4; lastKnownFileType = sourcecode.c.objc; path = AZSTestRetry.m; sourceTree = "<group>"; };
		B07ED56B1AE6CE6A0012E8C1 /* AZSBlobRequestFactory.h */ = {isa = PBXFileReference; fileEncoding = 4; lastKnownFileType = sourcecode.c.h; path = AZSBlobRequestFactory.h; sourceTree = "<group>"; };
		B07ED56C1AE6CE6A0012E8C1 /* AZSBlobRequestFactory.m */ = {isa = PBXFileReference; fileEncoding = 4; lastKnownFileType = sourcecode.c.objc; path = AZSBlobRequestFactory.m; sourceTree = "<group>"; };
		B07ED5721AE714880012E8C1 /* AZSAuthenticationHandler.h */ = {isa = PBXFileReference; lastKnownFileType = sourcecode.c.h; path = AZSAuthenticationHandler.h; sourceTree = "<group>"; };
		B07ED5761AE72CF80012E8C1 /* AZSEnums.h */ = {isa = PBXFileReference; fileEncoding = 4; lastKnownFileType = sourcecode.c.h; path = AZSEnums.h; sourceTree = "<group>"; };
		B07ED57C1AE829FC0012E8C1 /* AZSSharedKeyBlobAuthenticationHandler.h */ = {isa = PBXFileReference; fileEncoding = 4; lastKnownFileType = sourcecode.c.h; path = AZSSharedKeyBlobAuthenticationHandler.h; sourceTree = "<group>"; };
		B07ED57D1AE829FC0012E8C1 /* AZSSharedKeyBlobAuthenticationHandler.m */ = {isa = PBXFileReference; fileEncoding = 4; lastKnownFileType = sourcecode.c.objc; path = AZSSharedKeyBlobAuthenticationHandler.m; sourceTree = "<group>"; };
		B07ED57F1AE85E1B0012E8C1 /* AZSUtil.h */ = {isa = PBXFileReference; fileEncoding = 4; lastKnownFileType = sourcecode.c.h; path = AZSUtil.h; sourceTree = "<group>"; };
		B07ED5801AE85E1B0012E8C1 /* AZSUtil.m */ = {isa = PBXFileReference; fileEncoding = 4; lastKnownFileType = sourcecode.c.objc; path = AZSUtil.m; sourceTree = "<group>"; };
		B07ED5821AE9ACD90012E8C1 /* AZSResultSegment.h */ = {isa = PBXFileReference; fileEncoding = 4; lastKnownFileType = sourcecode.c.h; path = AZSResultSegment.h; sourceTree = "<group>"; };
		B07ED5831AE9ACD90012E8C1 /* AZSResultSegment.m */ = {isa = PBXFileReference; fileEncoding = 4; lastKnownFileType = sourcecode.c.objc; path = AZSResultSegment.m; sourceTree = "<group>"; };
		B07ED5851AE9AD580012E8C1 /* AZSContinuationToken.h */ = {isa = PBXFileReference; fileEncoding = 4; lastKnownFileType = sourcecode.c.h; path = AZSContinuationToken.h; sourceTree = "<group>"; };
		B07ED5861AE9AD580012E8C1 /* AZSContinuationToken.m */ = {isa = PBXFileReference; fileEncoding = 4; lastKnownFileType = sourcecode.c.objc; path = AZSContinuationToken.m; sourceTree = "<group>"; };
		B07ED5881AE9AEDF0012E8C1 /* AZSAccessCondition.h */ = {isa = PBXFileReference; fileEncoding = 4; lastKnownFileType = sourcecode.c.h; path = AZSAccessCondition.h; sourceTree = "<group>"; };
		B07ED5891AE9AEDF0012E8C1 /* AZSAccessCondition.m */ = {isa = PBXFileReference; fileEncoding = 4; lastKnownFileType = sourcecode.c.objc; path = AZSAccessCondition.m; sourceTree = "<group>"; };
		B07ED58B1AE9CAE70012E8C1 /* AZSBlobResponseParser.h */ = {isa = PBXFileReference; fileEncoding = 4; lastKnownFileType = sourcecode.c.h; path = AZSBlobResponseParser.h; sourceTree = "<group>"; };
		B07ED58C1AE9CAE70012E8C1 /* AZSBlobResponseParser.m */ = {isa = PBXFileReference; fileEncoding = 4; lastKnownFileType = sourcecode.c.objc; path = AZSBlobResponseParser.m; sourceTree = "<group>"; };
		B082D1441BA9E0D200A39C18 /* AZSBlobSASTests.m */ = {isa = PBXFileReference; fileEncoding = 4; lastKnownFileType = sourcecode.c.objc; path = AZSBlobSASTests.m; sourceTree = "<group>"; };
		B09BDEA51C1A4787004D2F94 /* AZSCloudBlobDirectory.h */ = {isa = PBXFileReference; fileEncoding = 4; lastKnownFileType = sourcecode.c.h; path = AZSCloudBlobDirectory.h; sourceTree = "<group>"; };
		B09BDEA61C1A4787004D2F94 /* AZSCloudBlobDirectory.m */ = {isa = PBXFileReference; fileEncoding = 4; lastKnownFileType = sourcecode.c.objc; path = AZSCloudBlobDirectory.m; sourceTree = "<group>"; };
		B09BDEA91C1A4BB5004D2F94 /* AZSCloudBlobDirectoryTests.m */ = {isa = PBXFileReference; fileEncoding = 4; lastKnownFileType = sourcecode.c.objc; path = AZSCloudBlobDirectoryTests.m; sourceTree = "<group>"; };
		B0AFDF771CB7046F00C4B2FC /* AZSClient.m */ = {isa = PBXFileReference; fileEncoding = 4; lastKnownFileType = sourcecode.c.objc; path = AZSClient.m; sourceTree = "<group>"; };
		B0AFDF791CB7049F00C4B2FC /* AZSClient.h */ = {isa = PBXFileReference; lastKnownFileType = sourcecode.c.h; path = AZSClient.h; sourceTree = "<group>"; };
		B0C0F5E31B44ADAB0080DC49 /* AZSErrors.h */ = {isa = PBXFileReference; fileEncoding = 4; lastKnownFileType = sourcecode.c.h; path = AZSErrors.h; sourceTree = "<group>"; };
		B0C0F5E41B44ADAB0080DC49 /* AZSErrors.m */ = {isa = PBXFileReference; fileEncoding = 4; lastKnownFileType = sourcecode.c.objc; path = AZSErrors.m; sourceTree = "<group>"; };
		B0C0F5E61B44C8FC0080DC49 /* AZSResponseParser.h */ = {isa = PBXFileReference; fileEncoding = 4; lastKnownFileType = sourcecode.c.h; path = AZSResponseParser.h; sourceTree = "<group>"; };
		B0C0F5E71B44C8FC0080DC49 /* AZSResponseParser.m */ = {isa = PBXFileReference; fileEncoding = 4; lastKnownFileType = sourcecode.c.objc; path = AZSResponseParser.m; sourceTree = "<group>"; };
		B0DD6B5E1C208105004B3A7D /* AZSCloudPageBlob.h */ = {isa = PBXFileReference; fileEncoding = 4; lastKnownFileType = sourcecode.c.h; path = AZSCloudPageBlob.h; sourceTree = "<group>"; };
		B0DD6B5F1C208105004B3A7D /* AZSCloudPageBlob.m */ = {isa = PBXFileReference; fileEncoding = 4; lastKnownFileType = sourcecode.c.objc; path = AZSCloudPageBlob.m; sourceTree = "<group>"; };
		B0DD6B621C2087C5004B3A7D /* AZSCloudPageBlobTests.m */ = {isa = PBXFileReference; fileEncoding = 4; lastKnownFileType = sourcecode.c.objc; path = AZSCloudPageBlobTests.m; sourceTree = "<group>"; };
		B0DD6B641C209175004B3A7D /* AZSCloudAppendBlob.h */ = {isa = PBXFileReference; fileEncoding = 4; lastKnownFileType = sourcecode.c.h; path = AZSCloudAppendBlob.h; sourceTree = "<group>"; };
		B0DD6B651C209175004B3A7D /* AZSCloudAppendBlob.m */ = {isa = PBXFileReference; fileEncoding = 4; lastKnownFileType = sourcecode.c.objc; path = AZSCloudAppendBlob.m; sourceTree = "<group>"; };
		BE4510431A9D252300C3F971 /* Foundation.framework */ = {isa = PBXFileReference; lastKnownFileType = wrapper.framework; name = Foundation.framework; path = System/Library/Frameworks/Foundation.framework; sourceTree = SDKROOT; };
		BE4510471A9D252300C3F971 /* AZSClient-Prefix.pch */ = {isa = PBXFileReference; lastKnownFileType = sourcecode.c.h; path = "AZSClient-Prefix.pch"; sourceTree = "<group>"; };
		BE4510501A9D252300C3F971 /* AZSClient.xctest */ = {isa = PBXFileReference; explicitFileType = wrapper.cfbundle; includeInIndex = 0; path = AZSClient.xctest; sourceTree = BUILT_PRODUCTS_DIR; };
		BE4510511A9D252300C3F971 /* XCTest.framework */ = {isa = PBXFileReference; lastKnownFileType = wrapper.framework; name = XCTest.framework; path = Library/Frameworks/XCTest.framework; sourceTree = DEVELOPER_DIR; };
		BE4510541A9D252300C3F971 /* UIKit.framework */ = {isa = PBXFileReference; lastKnownFileType = wrapper.framework; name = UIKit.framework; path = Library/Frameworks/UIKit.framework; sourceTree = DEVELOPER_DIR; };
		BE45105B1A9D252300C3F971 /* AZSClientTests-Info.plist */ = {isa = PBXFileReference; lastKnownFileType = text.plist.xml; path = "AZSClientTests-Info.plist"; sourceTree = "<group>"; };
		BE45105D1A9D252300C3F971 /* en */ = {isa = PBXFileReference; lastKnownFileType = text.plist.strings; name = en; path = en.lproj/InfoPlist.strings; sourceTree = "<group>"; };
		BE4510691A9D254600C3F971 /* AZSCloudBlockBlob.h */ = {isa = PBXFileReference; fileEncoding = 4; lastKnownFileType = sourcecode.c.h; path = AZSCloudBlockBlob.h; sourceTree = "<group>"; };
		BE45106A1A9D254600C3F971 /* AZSCloudBlockBlob.m */ = {isa = PBXFileReference; fileEncoding = 4; lastKnownFileType = sourcecode.c.objc; path = AZSCloudBlockBlob.m; sourceTree = "<group>"; };
		BE7E3E4D1B165F6F00BC96B6 /* AZSBlobContainerProperties.h */ = {isa = PBXFileReference; fileEncoding = 4; lastKnownFileType = sourcecode.c.h; path = AZSBlobContainerProperties.h; sourceTree = "<group>"; };
		BE7E3E4E1B165F6F00BC96B6 /* AZSBlobContainerProperties.m */ = {isa = PBXFileReference; fileEncoding = 4; lastKnownFileType = sourcecode.c.objc; path = AZSBlobContainerProperties.m; sourceTree = "<group>"; };
		BE7E3E511B18D80A00BC96B6 /* AZSBlobProperties.h */ = {isa = PBXFileReference; fileEncoding = 4; lastKnownFileType = sourcecode.c.h; path = AZSBlobProperties.h; sourceTree = "<group>"; };
		BE7E3E521B18D80A00BC96B6 /* AZSBlobProperties.m */ = {isa = PBXFileReference; fileEncoding = 4; lastKnownFileType = sourcecode.c.objc; path = AZSBlobProperties.m; sourceTree = "<group>"; };
		BE7E3E551B18D82100BC96B6 /* AZSCopyState.h */ = {isa = PBXFileReference; fileEncoding = 4; lastKnownFileType = sourcecode.c.h; path = AZSCopyState.h; sourceTree = "<group>"; };
		BE7E3E561B18D82100BC96B6 /* AZSCopyState.m */ = {isa = PBXFileReference; fileEncoding = 4; lastKnownFileType = sourcecode.c.objc; path = AZSCopyState.m; sourceTree = "<group>"; };
		BE7E3E5D1B1F9AEB00BC96B6 /* AZSRequestFactory.h */ = {isa = PBXFileReference; fileEncoding = 4; lastKnownFileType = sourcecode.c.h; path = AZSRequestFactory.h; sourceTree = "<group>"; };
		BE7E3E5E1B1F9AEB00BC96B6 /* AZSRequestFactory.m */ = {isa = PBXFileReference; fileEncoding = 4; lastKnownFileType = sourcecode.c.objc; path = AZSRequestFactory.m; sourceTree = "<group>"; };
		BE7E3E611B277DB100BC96B6 /* AZSNoOpAuthenticationHandler.h */ = {isa = PBXFileReference; fileEncoding = 4; lastKnownFileType = sourcecode.c.h; path = AZSNoOpAuthenticationHandler.h; sourceTree = "<group>"; };
		BE7E3E621B277DB100BC96B6 /* AZSNoOpAuthenticationHandler.m */ = {isa = PBXFileReference; fileEncoding = 4; lastKnownFileType = sourcecode.c.objc; path = AZSNoOpAuthenticationHandler.m; sourceTree = "<group>"; };
		BE90F8FF1B3DEC7900CD278B /* AZSNavigationUtil.h */ = {isa = PBXFileReference; fileEncoding = 4; lastKnownFileType = sourcecode.c.h; path = AZSNavigationUtil.h; sourceTree = "<group>"; };
		BE90F9001B3DEC7900CD278B /* AZSNavigationUtil.m */ = {isa = PBXFileReference; fileEncoding = 4; lastKnownFileType = sourcecode.c.objc; path = AZSNavigationUtil.m; sourceTree = "<group>"; };
		BE90F9031B4EDF7300CD278B /* AZSUriQueryBuilder.h */ = {isa = PBXFileReference; fileEncoding = 4; lastKnownFileType = sourcecode.c.h; path = AZSUriQueryBuilder.h; sourceTree = "<group>"; };
		BE90F9041B4EDF7300CD278B /* AZSUriQueryBuilder.m */ = {isa = PBXFileReference; fileEncoding = 4; lastKnownFileType = sourcecode.c.objc; path = AZSUriQueryBuilder.m; sourceTree = "<group>"; };
		BEC447701B75237200111ADA /* AZSMacros.h */ = {isa = PBXFileReference; fileEncoding = 4; lastKnownFileType = sourcecode.c.h; path = AZSMacros.h; sourceTree = "<group>"; };
		BF21040523B8D8400016FEAA /* AZSClient.framework */ = {isa = PBXFileReference; explicitFileType = wrapper.framework; includeInIndex = 0; path = AZSClient.framework; sourceTree = BUILT_PRODUCTS_DIR; };
		BF21040823B8D8400016FEAA /* Info.plist */ = {isa = PBXFileReference; lastKnownFileType = text.plist.xml; path = Info.plist; sourceTree = "<group>"; };
		BF2105C423B8E8BC0016FEAA /* libxml2.tbd */ = {isa = PBXFileReference; lastKnownFileType = "sourcecode.text-based-dylib-definition"; name = libxml2.tbd; path = usr/lib/libxml2.tbd; sourceTree = SDKROOT; };
/* End PBXFileReference section */

/* Begin PBXFrameworksBuildPhase section */
		BE45104D1A9D252300C3F971 /* Frameworks */ = {
			isa = PBXFrameworksBuildPhase;
			buildActionMask = 2147483647;
			files = (
				B05A0E771B0BF97E005DCF06 /* libxml2.2.dylib in Frameworks */,
				BE4510521A9D252300C3F971 /* XCTest.framework in Frameworks */,
				BE4510551A9D252300C3F971 /* UIKit.framework in Frameworks */,
				BE4510531A9D252300C3F971 /* Foundation.framework in Frameworks */,
			);
			runOnlyForDeploymentPostprocessing = 0;
		};
		BF21040223B8D8400016FEAA /* Frameworks */ = {
			isa = PBXFrameworksBuildPhase;
			buildActionMask = 2147483647;
			files = (
				BF21070923B915440016FEAA /* libxml2.tbd in Frameworks */,
				BF21058F23B8E7B50016FEAA /* Foundation.framework in Frameworks */,
			);
			runOnlyForDeploymentPostprocessing = 0;
		};
/* End PBXFrameworksBuildPhase section */

/* Begin PBXGroup section */
		B01AF6021AE0718F009A2022 /* Blob */ = {
			isa = PBXGroup;
			children = (
				6932203A1C16438600B07D98 /* AZSSharedAccessBlobParameters.h */,
				6932203B1C16438600B07D98 /* AZSSharedAccessBlobParameters.m */,
				B09BDEA51C1A4787004D2F94 /* AZSCloudBlobDirectory.h */,
				B09BDEA61C1A4787004D2F94 /* AZSCloudBlobDirectory.m */,
				B01AF5F31AE06DDC009A2022 /* AZSCloudBlobClient.h */,
				B01AF5F41AE06DDC009A2022 /* AZSCloudBlobClient.m */,
				BE4510691A9D254600C3F971 /* AZSCloudBlockBlob.h */,
				BE45106A1A9D254600C3F971 /* AZSCloudBlockBlob.m */,
				B01AF5F01AE053BE009A2022 /* AZSCloudBlobContainer.h */,
				B01AF5F11AE053BE009A2022 /* AZSCloudBlobContainer.m */,
				B05DEAF61AF006A30023B955 /* AZSBlobRequestOptions.h */,
				B05DEAF71AF006A30023B955 /* AZSBlobRequestOptions.m */,
				B01733FF1B0A59BE00E5807C /* AZSCloudBlob.h */,
				B01734001B0A59BE00E5807C /* AZSCloudBlob.m */,
				B05A0E6F1B0BF308005DCF06 /* AZSBlockListItem.h */,
				B05A0E701B0BF308005DCF06 /* AZSBlockListItem.m */,
				BE7E3E4D1B165F6F00BC96B6 /* AZSBlobContainerProperties.h */,
				BE7E3E4E1B165F6F00BC96B6 /* AZSBlobContainerProperties.m */,
				BE7E3E511B18D80A00BC96B6 /* AZSBlobProperties.h */,
				BE7E3E521B18D80A00BC96B6 /* AZSBlobProperties.m */,
				BE7E3E551B18D82100BC96B6 /* AZSCopyState.h */,
				BE7E3E561B18D82100BC96B6 /* AZSCopyState.m */,
				B05EC6DE1B27F47F0048EDD4 /* AZSBlobOutputStream.h */,
				B05EC6DF1B27F47F0048EDD4 /* AZSBlobOutputStream.m */,
				B058A4951B55628700BB0F57 /* AZSBlobUploadHelper.h */,
				B058A4961B55628700BB0F57 /* AZSBlobUploadHelper.m */,
				B0DD6B5E1C208105004B3A7D /* AZSCloudPageBlob.h */,
				B0DD6B5F1C208105004B3A7D /* AZSCloudPageBlob.m */,
				B0DD6B641C209175004B3A7D /* AZSCloudAppendBlob.h */,
				B0DD6B651C209175004B3A7D /* AZSCloudAppendBlob.m */,
			);
			name = Blob;
			sourceTree = "<group>";
		};
		B01AF6031AE08C48009A2022 /* Protocol */ = {
			isa = PBXGroup;
			children = (
				B07ED56B1AE6CE6A0012E8C1 /* AZSBlobRequestFactory.h */,
				B07ED56C1AE6CE6A0012E8C1 /* AZSBlobRequestFactory.m */,
				B07ED58B1AE9CAE70012E8C1 /* AZSBlobResponseParser.h */,
				B07ED58C1AE9CAE70012E8C1 /* AZSBlobResponseParser.m */,
				B01734021B0B04A500E5807C /* AZSBlobRequestXML.h */,
				B01734031B0B04A500E5807C /* AZSBlobRequestXML.m */,
				BE7E3E5D1B1F9AEB00BC96B6 /* AZSRequestFactory.h */,
				BE7E3E5E1B1F9AEB00BC96B6 /* AZSRequestFactory.m */,
				B0C0F5E61B44C8FC0080DC49 /* AZSResponseParser.h */,
				B0C0F5E71B44C8FC0080DC49 /* AZSResponseParser.m */,
			);
			name = Protocol;
			sourceTree = "<group>";
		};
		B01AF6041AE08C50009A2022 /* Executor */ = {
			isa = PBXGroup;
			children = (
				B01AF6051AE08C63009A2022 /* AZSStorageCommand.h */,
				B01AF6061AE08C63009A2022 /* AZSStorageCommand.m */,
				B01AF6081AE0920D009A2022 /* AZSOperationContext.h */,
				B01AF6091AE0920D009A2022 /* AZSOperationContext.m */,
				B01AF60B1AE092CE009A2022 /* AZSRequestResult.h */,
				B01AF60C1AE092CE009A2022 /* AZSRequestResult.m */,
				B01AF60E1AE098CB009A2022 /* AZSExecutor.h */,
				B01AF60F1AE098CB009A2022 /* AZSExecutor.m */,
				B01AF6111AE099C5009A2022 /* AZSRequestOptions.h */,
				B01AF6121AE099C5009A2022 /* AZSRequestOptions.m */,
			);
			name = Executor;
			sourceTree = "<group>";
		};
		B07ED56E1AE713CA0012E8C1 /* Auth */ = {
			isa = PBXGroup;
			children = (
				B07ED5721AE714880012E8C1 /* AZSAuthenticationHandler.h */,
				B07ED57C1AE829FC0012E8C1 /* AZSSharedKeyBlobAuthenticationHandler.h */,
				B07ED57D1AE829FC0012E8C1 /* AZSSharedKeyBlobAuthenticationHandler.m */,
				BE7E3E611B277DB100BC96B6 /* AZSNoOpAuthenticationHandler.h */,
				BE7E3E621B277DB100BC96B6 /* AZSNoOpAuthenticationHandler.m */,
			);
			name = Auth;
			sourceTree = "<group>";
		};
		BE4510371A9D252300C3F971 = {
			isa = PBXGroup;
			children = (
				57DE26E31E5CFABB00C66065 /* TestResources */,
				BE4510451A9D252300C3F971 /* AZSClient */,
				BE4510591A9D252300C3F971 /* AZSClientTests */,
				BE4510421A9D252300C3F971 /* Frameworks */,
				BE4510411A9D252300C3F971 /* Products */,
			);
			sourceTree = "<group>";
		};
		BE4510411A9D252300C3F971 /* Products */ = {
			isa = PBXGroup;
			children = (
				BE4510501A9D252300C3F971 /* AZSClient.xctest */,
				BF21040523B8D8400016FEAA /* AZSClient.framework */,
			);
			name = Products;
			sourceTree = "<group>";
		};
		BE4510421A9D252300C3F971 /* Frameworks */ = {
			isa = PBXGroup;
			children = (
				BF2105C423B8E8BC0016FEAA /* libxml2.tbd */,
				B05A0E721B0BF8C7005DCF06 /* libxml2.2.dylib */,
				BE4510431A9D252300C3F971 /* Foundation.framework */,
				BE4510511A9D252300C3F971 /* XCTest.framework */,
				BE4510541A9D252300C3F971 /* UIKit.framework */,
			);
			name = Frameworks;
			sourceTree = "<group>";
		};
		BE4510451A9D252300C3F971 /* AZSClient */ = {
			isa = PBXGroup;
			children = (
				BEC4476D1B751FBA00111ADA /* Constants */,
				B07ED56E1AE713CA0012E8C1 /* Auth */,
				B01AF6041AE08C50009A2022 /* Executor */,
				B01AF6031AE08C48009A2022 /* Protocol */,
				B01AF6021AE0718F009A2022 /* Blob */,
				B01AF5F61AE06FFE009A2022 /* AZSCloudClient.h */,
				B01AF5F71AE06FFE009A2022 /* AZSCloudClient.m */,
				B01AF5F91AE0715D009A2022 /* AZSStorageCredentials.h */,
				B01AF5FA1AE0715D009A2022 /* AZSStorageCredentials.m */,
				B01AF5FC1AE0716F009A2022 /* AZSStorageUri.h */,
				B01AF5FD1AE0716F009A2022 /* AZSStorageUri.m */,
				B01AF5FF1AE0717D009A2022 /* AZSCloudStorageAccount.h */,
				B01AF6001AE0717D009A2022 /* AZSCloudStorageAccount.m */,
				B0AFDF791CB7049F00C4B2FC /* AZSClient.h */,
				B0AFDF771CB7046F00C4B2FC /* AZSClient.m */,
				B07ED57F1AE85E1B0012E8C1 /* AZSUtil.h */,
				B07ED5801AE85E1B0012E8C1 /* AZSUtil.m */,
				B07ED5821AE9ACD90012E8C1 /* AZSResultSegment.h */,
				B07ED5831AE9ACD90012E8C1 /* AZSResultSegment.m */,
				B07ED5851AE9AD580012E8C1 /* AZSContinuationToken.h */,
				B07ED5861AE9AD580012E8C1 /* AZSContinuationToken.m */,
				B07ED5881AE9AEDF0012E8C1 /* AZSAccessCondition.h */,
				B07ED5891AE9AEDF0012E8C1 /* AZSAccessCondition.m */,
				B058A48C1B4F516900BB0F57 /* AZSRetryInfo.h */,
				B058A48D1B4F516900BB0F57 /* AZSRetryInfo.m */,
				B058A48F1B4F517D00BB0F57 /* AZSRetryContext.h */,
				B058A4901B4F517D00BB0F57 /* AZSRetryContext.m */,
				B058A4921B4F518C00BB0F57 /* AZSRetryPolicy.h */,
				B058A4931B4F518C00BB0F57 /* AZSRetryPolicy.m */,
				69A278011C24A4DB00981FF0 /* AZSSharedAccessAccountParameters.h */,
				69A278021C24A4DB00981FF0 /* AZSSharedAccessAccountParameters.m */,
				6932202C1C16437100B07D98 /* AZSSharedAccessHeaders.h */,
				6932202D1C16437100B07D98 /* AZSSharedAccessHeaders.m */,
				6932202E1C16437100B07D98 /* AZSSharedAccessPolicy.h */,
				6932202F1C16437100B07D98 /* AZSSharedAccessPolicy.m */,
				69BE840E1C223F2B00AF170E /* AZSIPRange.h */,
				69BE840F1C223F2B00AF170E /* AZSIPRange.m */,
				693220301C16437100B07D98 /* AZSSharedAccessSignatureHelper.h */,
				693220311C16437100B07D98 /* AZSSharedAccessSignatureHelper.m */,
				BE90F8FF1B3DEC7900CD278B /* AZSNavigationUtil.h */,
				BE90F9001B3DEC7900CD278B /* AZSNavigationUtil.m */,
				BE90F9031B4EDF7300CD278B /* AZSUriQueryBuilder.h */,
				BE90F9041B4EDF7300CD278B /* AZSUriQueryBuilder.m */,
				BE4510461A9D252300C3F971 /* Supporting Files */,
				B0432F5C1CE3B05D00FF4E5A /* AZSULLRange.h */,
				57E472281DF73E7000B343AB /* AZSServiceProperties.m */,
				57E4722A1DF7423A00B343AB /* AZSServiceProperties.h */,
				57F37C011E1F09BB00FF130F /* AZSLoggingProperties.h */,
				57F37C021E1F1D3400FF130F /* AZSMetricsProperties.h */,
				57F37C031E1F290A00FF130F /* AZSLoggingProperties.m */,
				57F37C051E1F292800FF130F /* AZSMetricsProperties.m */,
				57F37C0A1E2022B900FF130F /* AZSCorsRule.h */,
				57F37C0B1E2022D300FF130F /* AZSCorsRule.m */,
				BF21040823B8D8400016FEAA /* Info.plist */,
			);
			name = AZSClient;
			path = "Azure Storage Client Library";
			sourceTree = "<group>";
		};
		BE4510461A9D252300C3F971 /* Supporting Files */ = {
			isa = PBXGroup;
			children = (
				BE4510471A9D252300C3F971 /* AZSClient-Prefix.pch */,
			);
			name = "Supporting Files";
			sourceTree = "<group>";
		};
		BE4510591A9D252300C3F971 /* AZSClientTests */ = {
			isa = PBXGroup;
			children = (
				57C416711E4CF36C0064C551 /* AZSServicePropertiesTests.m */,
				BE45105A1A9D252300C3F971 /* Supporting Files */,
				69A278071C24A6A000981FF0 /* AZSAccountSasTests.m */,
				B05A0E791B1262BD005DCF06 /* AZSCloudBlobContainerTests.m */,
				B05A0E7B1B12645C005DCF06 /* AZSCloudStorageAccountTests.m */,
				B05A0E7D1B1264E8005DCF06 /* AZSCloudBlobClientTests.m */,
				B05A0E7F1B126592005DCF06 /* AZSCloudBlockBlobTests.m */,
				69FF6EBE1B83C56200AF4FDE /* AZSLeaseTests.m */,
				B02EF98F1B14EFD3005F1DE2 /* AZSTestBase.h */,
				B02EF9901B14EFD3005F1DE2 /* AZSTestBase.m */,
				B02EF9921B14F10B005F1DE2 /* AZSBlobTestBase.h */,
				B02EF9931B14F10B005F1DE2 /* AZSBlobTestBase.m */,
				B04A084A1B274C7100998078 /* AZSTestHelpers.h */,
				B04A084B1B274C7100998078 /* AZSTestHelpers.m */,
				B05EC6E11B28E63F0048EDD4 /* AZSBlobOutputStreamTests.m */,
				B06CA9E71B748083001B7303 /* AZSTestRetry.m */,
				693220411C16439500B07D98 /* AZSTestSemaphore.h */,
				693220421C16439500B07D98 /* AZSTestSemaphore.m */,
				B082D1441BA9E0D200A39C18 /* AZSBlobSASTests.m */,
				B09BDEA91C1A4BB5004D2F94 /* AZSCloudBlobDirectoryTests.m */,
				B0DD6B621C2087C5004B3A7D /* AZSCloudPageBlobTests.m */,
				B01B6C291C24ADEA004D7CFE /* AZSCloudAppendBlobTests.m */,
				B057B3051C4421C0008BF6E5 /* AZSReadFromSecondaryTest.m */,
				B0432F5D1CE3CB8200FF4E5A /* AZSULLRangeTests.m */,
			);
			name = AZSClientTests;
			path = "Azure Storage Client LibraryTests";
			sourceTree = "<group>";
		};
		BE45105A1A9D252300C3F971 /* Supporting Files */ = {
			isa = PBXGroup;
			children = (
				BE45105B1A9D252300C3F971 /* AZSClientTests-Info.plist */,
				BE45105C1A9D252300C3F971 /* InfoPlist.strings */,
			);
			name = "Supporting Files";
			sourceTree = "<group>";
		};
		BEC4476D1B751FBA00111ADA /* Constants */ = {
			isa = PBXGroup;
			children = (
				6970FD9B1C1A0BF0000F2EBB /* AZSConstants.h */,
				6970FD9C1C1A0BF0000F2EBB /* AZSConstants.m */,
				B07ED5761AE72CF80012E8C1 /* AZSEnums.h */,
				B0C0F5E31B44ADAB0080DC49 /* AZSErrors.h */,
				B0C0F5E41B44ADAB0080DC49 /* AZSErrors.m */,
				BEC447701B75237200111ADA /* AZSMacros.h */,
			);
			name = Constants;
			sourceTree = "<group>";
		};
/* End PBXGroup section */

/* Begin PBXHeadersBuildPhase section */
		BF21040023B8D8400016FEAA /* Headers */ = {
			isa = PBXHeadersBuildPhase;
			buildActionMask = 2147483647;
			files = (
				BF21048323B8E4BC0016FEAA /* AZSConstants.h in Headers */,
				BF21048423B8E4BC0016FEAA /* AZSEnums.h in Headers */,
				BF21048523B8E4BC0016FEAA /* AZSErrors.h in Headers */,
				BF21048623B8E4BC0016FEAA /* AZSMacros.h in Headers */,
				BF21048723B8E4BC0016FEAA /* AZSAuthenticationHandler.h in Headers */,
				BF21048823B8E4BC0016FEAA /* AZSSharedKeyBlobAuthenticationHandler.h in Headers */,
				BF21048923B8E4BC0016FEAA /* AZSNoOpAuthenticationHandler.h in Headers */,
				BF21048A23B8E4BC0016FEAA /* AZSStorageCommand.h in Headers */,
				BF21048B23B8E4BC0016FEAA /* AZSOperationContext.h in Headers */,
				BF21048C23B8E4BC0016FEAA /* AZSRequestResult.h in Headers */,
				BF21048D23B8E4BC0016FEAA /* AZSExecutor.h in Headers */,
				BF21048E23B8E4BC0016FEAA /* AZSRequestOptions.h in Headers */,
				BF21048F23B8E4BC0016FEAA /* AZSBlobRequestFactory.h in Headers */,
				BF21049023B8E4BC0016FEAA /* AZSBlobResponseParser.h in Headers */,
				BF21049123B8E4BC0016FEAA /* AZSBlobRequestXML.h in Headers */,
				BF21049223B8E4BC0016FEAA /* AZSRequestFactory.h in Headers */,
				BF21049323B8E4BC0016FEAA /* AZSResponseParser.h in Headers */,
				BF21049423B8E4BC0016FEAA /* AZSSharedAccessBlobParameters.h in Headers */,
				BF21049523B8E4BC0016FEAA /* AZSCloudBlobDirectory.h in Headers */,
				BF21049623B8E4BC0016FEAA /* AZSCloudBlobClient.h in Headers */,
				BF21049723B8E4BC0016FEAA /* AZSCloudBlockBlob.h in Headers */,
				BF21049823B8E4BC0016FEAA /* AZSCloudBlobContainer.h in Headers */,
				BF21049923B8E4BC0016FEAA /* AZSBlobRequestOptions.h in Headers */,
				BF21049A23B8E4BC0016FEAA /* AZSCloudBlob.h in Headers */,
				BF21049B23B8E4BC0016FEAA /* AZSBlockListItem.h in Headers */,
				BF21049C23B8E4BC0016FEAA /* AZSBlobContainerProperties.h in Headers */,
				BF21049D23B8E4BC0016FEAA /* AZSBlobProperties.h in Headers */,
				BF21049E23B8E4BC0016FEAA /* AZSCopyState.h in Headers */,
				BF21049F23B8E4BC0016FEAA /* AZSBlobOutputStream.h in Headers */,
				BF2104A023B8E4BC0016FEAA /* AZSBlobUploadHelper.h in Headers */,
				BF2104A123B8E4BC0016FEAA /* AZSCloudPageBlob.h in Headers */,
				BF2104A223B8E4BC0016FEAA /* AZSCloudAppendBlob.h in Headers */,
				BF2104A323B8E4BC0016FEAA /* AZSCloudClient.h in Headers */,
				BF2104A423B8E4BD0016FEAA /* AZSStorageCredentials.h in Headers */,
				BF2104A523B8E4BD0016FEAA /* AZSStorageUri.h in Headers */,
				BF2104A623B8E4BD0016FEAA /* AZSCloudStorageAccount.h in Headers */,
				BF21041123B8E3070016FEAA /* AZSClient.h in Headers */,
				BF2104A723B8E4BD0016FEAA /* AZSUtil.h in Headers */,
				BF2104A823B8E4BD0016FEAA /* AZSResultSegment.h in Headers */,
				BF2104A923B8E4BD0016FEAA /* AZSContinuationToken.h in Headers */,
				BF2104AA23B8E4BD0016FEAA /* AZSAccessCondition.h in Headers */,
				BF2104AB23B8E4BD0016FEAA /* AZSRetryInfo.h in Headers */,
				BF2104AC23B8E4BD0016FEAA /* AZSRetryContext.h in Headers */,
				BF2104AD23B8E4BD0016FEAA /* AZSRetryPolicy.h in Headers */,
				BF2104AE23B8E4BD0016FEAA /* AZSSharedAccessAccountParameters.h in Headers */,
				BF2104AF23B8E4BD0016FEAA /* AZSSharedAccessHeaders.h in Headers */,
				BF2104B023B8E4BD0016FEAA /* AZSSharedAccessPolicy.h in Headers */,
				BF2104B123B8E4BD0016FEAA /* AZSIPRange.h in Headers */,
				BF2104B223B8E4BD0016FEAA /* AZSSharedAccessSignatureHelper.h in Headers */,
				BF2104B323B8E4BD0016FEAA /* AZSNavigationUtil.h in Headers */,
				BF2104B423B8E4BD0016FEAA /* AZSUriQueryBuilder.h in Headers */,
				BF2104B523B8E4BD0016FEAA /* AZSULLRange.h in Headers */,
				BF2104B623B8E4BD0016FEAA /* AZSServiceProperties.h in Headers */,
				BF2104B723B8E4BD0016FEAA /* AZSLoggingProperties.h in Headers */,
				BF2104B823B8E4BD0016FEAA /* AZSMetricsProperties.h in Headers */,
				BF2104B923B8E4BD0016FEAA /* AZSCorsRule.h in Headers */,
			);
			runOnlyForDeploymentPostprocessing = 0;
		};
/* End PBXHeadersBuildPhase section */

/* Begin PBXNativeTarget section */
		BE45104F1A9D252300C3F971 /* AZSClientTests */ = {
			isa = PBXNativeTarget;
			buildConfigurationList = BE4510661A9D252300C3F971 /* Build configuration list for PBXNativeTarget "AZSClientTests" */;
			buildPhases = (
				BE45104C1A9D252300C3F971 /* Sources */,
				BE45104D1A9D252300C3F971 /* Frameworks */,
				BE45104E1A9D252300C3F971 /* Resources */,
			);
			buildRules = (
			);
			dependencies = (
			);
			name = AZSClientTests;
			productName = AZSClientTests;
			productReference = BE4510501A9D252300C3F971 /* AZSClient.xctest */;
			productType = "com.apple.product-type.bundle.unit-test";
		};
		BF21040423B8D8400016FEAA /* AZSClient */ = {
			isa = PBXNativeTarget;
			buildConfigurationList = BF21040A23B8D8400016FEAA /* Build configuration list for PBXNativeTarget "AZSClient" */;
			buildPhases = (
				BF21040023B8D8400016FEAA /* Headers */,
				BF21040123B8D8400016FEAA /* Sources */,
				BF21040223B8D8400016FEAA /* Frameworks */,
				BF21040323B8D8400016FEAA /* Resources */,
			);
			buildRules = (
			);
			dependencies = (
			);
			name = AZSClient;
			productName = AZSClient;
			productReference = BF21040523B8D8400016FEAA /* AZSClient.framework */;
			productType = "com.apple.product-type.framework";
		};
/* End PBXNativeTarget section */

/* Begin PBXProject section */
		BE4510381A9D252300C3F971 /* Project object */ = {
			isa = PBXProject;
			attributes = {
				CLASSPREFIX = AZS;
				LastUpgradeCheck = 0910;
				ORGANIZATIONNAME = Microsoft;
				TargetAttributes = {
					BF21040423B8D8400016FEAA = {
						CreatedOnToolsVersion = 10.2.1;
						ProvisioningStyle = Automatic;
					};
				};
			};
			buildConfigurationList = BE45103B1A9D252300C3F971 /* Build configuration list for PBXProject "AZSClient" */;
			compatibilityVersion = "Xcode 3.2";
			developmentRegion = English;
			hasScannedForEncodings = 0;
			knownRegions = (
				English,
				en,
			);
			mainGroup = BE4510371A9D252300C3F971;
			productRefGroup = BE4510411A9D252300C3F971 /* Products */;
			projectDirPath = "";
			projectRoot = "";
			targets = (
				BF21040423B8D8400016FEAA /* AZSClient */,
				BE45104F1A9D252300C3F971 /* AZSClientTests */,
			);
		};
/* End PBXProject section */

/* Begin PBXResourcesBuildPhase section */
		BE45104E1A9D252300C3F971 /* Resources */ = {
			isa = PBXResourcesBuildPhase;
			buildActionMask = 2147483647;
			files = (
				57DE26E41E5CFABB00C66065 /* TestResources in Resources */,
				BE45105E1A9D252300C3F971 /* InfoPlist.strings in Resources */,
			);
			runOnlyForDeploymentPostprocessing = 0;
		};
		BF21040323B8D8400016FEAA /* Resources */ = {
			isa = PBXResourcesBuildPhase;
			buildActionMask = 2147483647;
			files = (
			);
			runOnlyForDeploymentPostprocessing = 0;
		};
/* End PBXResourcesBuildPhase section */

/* Begin PBXSourcesBuildPhase section */
		BE45104C1A9D252300C3F971 /* Sources */ = {
			isa = PBXSourcesBuildPhase;
			buildActionMask = 2147483647;
			files = (
				69A278081C24A6A000981FF0 /* AZSAccountSasTests.m in Sources */,
				BE7E3E541B18D80A00BC96B6 /* AZSBlobProperties.m in Sources */,
				BE7E3E601B1F9AEB00BC96B6 /* AZSRequestFactory.m in Sources */,
				57C416721E4CF36C0064C551 /* AZSServicePropertiesTests.m in Sources */,
				BE45106C1A9D254600C3F971 /* AZSCloudBlockBlob.m in Sources */,
				BE7E3E501B165F6F00BC96B6 /* AZSBlobContainerProperties.m in Sources */,
				B02EF9911B14EFD3005F1DE2 /* AZSTestBase.m in Sources */,
				B01B6C2A1C24ADEA004D7CFE /* AZSCloudAppendBlobTests.m in Sources */,
				B04A084C1B274C7100998078 /* AZSTestHelpers.m in Sources */,
				B05A0E7E1B1264E8005DCF06 /* AZSCloudBlobClientTests.m in Sources */,
				B05EC6E21B28E63F0048EDD4 /* AZSBlobOutputStreamTests.m in Sources */,
				B06CA9E81B748083001B7303 /* AZSTestRetry.m in Sources */,
				BE7E3E641B277DB100BC96B6 /* AZSNoOpAuthenticationHandler.m in Sources */,
				B09BDEAA1C1A4BB5004D2F94 /* AZSCloudBlobDirectoryTests.m in Sources */,
				BE90F9021B3DEC7900CD278B /* AZSNavigationUtil.m in Sources */,
				69FF6EBF1B83C56200AF4FDE /* AZSLeaseTests.m in Sources */,
				B0DD6B631C2087C5004B3A7D /* AZSCloudPageBlobTests.m in Sources */,
				B02EF9941B14F10B005F1DE2 /* AZSBlobTestBase.m in Sources */,
				B05A0E7C1B12645C005DCF06 /* AZSCloudStorageAccountTests.m in Sources */,
				BE90F9061B4EDF7300CD278B /* AZSUriQueryBuilder.m in Sources */,
				B057B3061C4421C0008BF6E5 /* AZSReadFromSecondaryTest.m in Sources */,
				693220441C16439500B07D98 /* AZSTestSemaphore.m in Sources */,
				B0432F5E1CE3CB8200FF4E5A /* AZSULLRangeTests.m in Sources */,
				BE7E3E581B18D82100BC96B6 /* AZSCopyState.m in Sources */,
				B05A0E7A1B1262BD005DCF06 /* AZSCloudBlobContainerTests.m in Sources */,
				B05A0E801B126592005DCF06 /* AZSCloudBlockBlobTests.m in Sources */,
			);
			runOnlyForDeploymentPostprocessing = 0;
		};
		BF21040123B8D8400016FEAA /* Sources */ = {
			isa = PBXSourcesBuildPhase;
			buildActionMask = 2147483647;
			files = (
				BF21059023B8E7EB0016FEAA /* AZSConstants.m in Sources */,
				BF21059123B8E7EB0016FEAA /* AZSErrors.m in Sources */,
				BF21059223B8E7EB0016FEAA /* AZSSharedKeyBlobAuthenticationHandler.m in Sources */,
				BF21059323B8E7EB0016FEAA /* AZSNoOpAuthenticationHandler.m in Sources */,
				BF21059423B8E7EB0016FEAA /* AZSStorageCommand.m in Sources */,
				BF21059523B8E7EB0016FEAA /* AZSOperationContext.m in Sources */,
				BF21059623B8E7EB0016FEAA /* AZSRequestResult.m in Sources */,
				BF21059723B8E7EB0016FEAA /* AZSExecutor.m in Sources */,
				BF21059823B8E7EB0016FEAA /* AZSRequestOptions.m in Sources */,
				BF21059923B8E7EB0016FEAA /* AZSBlobRequestFactory.m in Sources */,
				BF21059A23B8E7EB0016FEAA /* AZSBlobResponseParser.m in Sources */,
				BF21059B23B8E7EB0016FEAA /* AZSBlobRequestXML.m in Sources */,
				BF21059C23B8E7EB0016FEAA /* AZSRequestFactory.m in Sources */,
				BF21059D23B8E7EB0016FEAA /* AZSResponseParser.m in Sources */,
				BF21059E23B8E7EB0016FEAA /* AZSSharedAccessBlobParameters.m in Sources */,
				BF21059F23B8E7EB0016FEAA /* AZSCloudBlobDirectory.m in Sources */,
				BF2105A023B8E7EB0016FEAA /* AZSCloudBlobClient.m in Sources */,
				BF2105A123B8E7EB0016FEAA /* AZSCloudBlockBlob.m in Sources */,
				BF2105A223B8E7EB0016FEAA /* AZSCloudBlobContainer.m in Sources */,
				BF2105A323B8E7EB0016FEAA /* AZSBlobRequestOptions.m in Sources */,
				BF2105A423B8E7EB0016FEAA /* AZSCloudBlob.m in Sources */,
				BF2105A523B8E7EB0016FEAA /* AZSBlockListItem.m in Sources */,
				BF2105A623B8E7EB0016FEAA /* AZSBlobContainerProperties.m in Sources */,
				BF2105A723B8E7EB0016FEAA /* AZSBlobProperties.m in Sources */,
				BF2105A823B8E7EB0016FEAA /* AZSCopyState.m in Sources */,
				BF2105A923B8E7EB0016FEAA /* AZSBlobOutputStream.m in Sources */,
				BF2105AA23B8E7EB0016FEAA /* AZSBlobUploadHelper.m in Sources */,
				BF2105AB23B8E7EB0016FEAA /* AZSCloudPageBlob.m in Sources */,
				BF2105AC23B8E7EB0016FEAA /* AZSCloudAppendBlob.m in Sources */,
				BF2105AD23B8E7EB0016FEAA /* AZSCloudClient.m in Sources */,
				BF2105AE23B8E7EB0016FEAA /* AZSStorageCredentials.m in Sources */,
				BF2105AF23B8E7EB0016FEAA /* AZSStorageUri.m in Sources */,
				BF2105B023B8E7EB0016FEAA /* AZSCloudStorageAccount.m in Sources */,
				BF2105B123B8E7EB0016FEAA /* AZSClient.m in Sources */,
				BF2105B223B8E7EB0016FEAA /* AZSUtil.m in Sources */,
				BF2105B323B8E7EB0016FEAA /* AZSResultSegment.m in Sources */,
				BF2105B423B8E7EB0016FEAA /* AZSContinuationToken.m in Sources */,
				BF2105B523B8E7EB0016FEAA /* AZSAccessCondition.m in Sources */,
				BF2105B623B8E7EB0016FEAA /* AZSRetryInfo.m in Sources */,
				BF2105B723B8E7EB0016FEAA /* AZSRetryContext.m in Sources */,
				BF2105B823B8E7EB0016FEAA /* AZSRetryPolicy.m in Sources */,
				BF2105B923B8E7EB0016FEAA /* AZSSharedAccessAccountParameters.m in Sources */,
				BF2105BA23B8E7EB0016FEAA /* AZSSharedAccessHeaders.m in Sources */,
				BF2105BB23B8E7EB0016FEAA /* AZSSharedAccessPolicy.m in Sources */,
				BF2105BC23B8E7EB0016FEAA /* AZSIPRange.m in Sources */,
				BF2105BD23B8E7EB0016FEAA /* AZSSharedAccessSignatureHelper.m in Sources */,
				BF2105BE23B8E7EB0016FEAA /* AZSNavigationUtil.m in Sources */,
				BF2105BF23B8E7EB0016FEAA /* AZSUriQueryBuilder.m in Sources */,
				BF2105C023B8E7EB0016FEAA /* AZSServiceProperties.m in Sources */,
				BF2105C123B8E7EB0016FEAA /* AZSLoggingProperties.m in Sources */,
				BF2105C223B8E7EB0016FEAA /* AZSMetricsProperties.m in Sources */,
				BF2105C323B8E7EB0016FEAA /* AZSCorsRule.m in Sources */,
			);
			runOnlyForDeploymentPostprocessing = 0;
		};
/* End PBXSourcesBuildPhase section */

/* Begin PBXVariantGroup section */
		BE45105C1A9D252300C3F971 /* InfoPlist.strings */ = {
			isa = PBXVariantGroup;
			children = (
				BE45105D1A9D252300C3F971 /* en */,
			);
			name = InfoPlist.strings;
			sourceTree = "<group>";
		};
/* End PBXVariantGroup section */

/* Begin XCBuildConfiguration section */
		BE4510611A9D252300C3F971 /* Debug */ = {
			isa = XCBuildConfiguration;
			buildSettings = {
				ALWAYS_SEARCH_USER_PATHS = NO;
				CLANG_CXX_LANGUAGE_STANDARD = "gnu++0x";
				CLANG_CXX_LIBRARY = "libc++";
				CLANG_ENABLE_MODULES = YES;
				CLANG_ENABLE_OBJC_ARC = YES;
				CLANG_WARN_BLOCK_CAPTURE_AUTORELEASING = YES;
				CLANG_WARN_BOOL_CONVERSION = YES;
				CLANG_WARN_COMMA = YES;
				CLANG_WARN_CONSTANT_CONVERSION = YES;
				CLANG_WARN_DIRECT_OBJC_ISA_USAGE = YES_ERROR;
				CLANG_WARN_EMPTY_BODY = YES;
				CLANG_WARN_ENUM_CONVERSION = YES;
				CLANG_WARN_INFINITE_RECURSION = YES;
				CLANG_WARN_INT_CONVERSION = YES;
				CLANG_WARN_NON_LITERAL_NULL_CONVERSION = YES;
				CLANG_WARN_OBJC_LITERAL_CONVERSION = YES;
				CLANG_WARN_OBJC_ROOT_CLASS = YES_ERROR;
				CLANG_WARN_RANGE_LOOP_ANALYSIS = YES;
				CLANG_WARN_STRICT_PROTOTYPES = YES;
				CLANG_WARN_SUSPICIOUS_MOVE = YES;
				CLANG_WARN_UNREACHABLE_CODE = YES;
				CLANG_WARN__DUPLICATE_METHOD_MATCH = YES;
				COPY_PHASE_STRIP = NO;
				ENABLE_STRICT_OBJC_MSGSEND = YES;
				GCC_C_LANGUAGE_STANDARD = gnu99;
				GCC_DYNAMIC_NO_PIC = NO;
				GCC_NO_COMMON_BLOCKS = YES;
				GCC_OPTIMIZATION_LEVEL = 0;
				GCC_PREPROCESSOR_DEFINITIONS = (
					"DEBUG=1",
					"$(inherited)",
				);
				GCC_SYMBOLS_PRIVATE_EXTERN = NO;
				GCC_WARN_64_TO_32_BIT_CONVERSION = YES;
				GCC_WARN_ABOUT_RETURN_TYPE = YES_ERROR;
				GCC_WARN_UNDECLARED_SELECTOR = YES;
				GCC_WARN_UNINITIALIZED_AUTOS = YES;
				GCC_WARN_UNUSED_FUNCTION = YES;
				GCC_WARN_UNUSED_VARIABLE = YES;
				HEADER_SEARCH_PATHS = (
					"$(inherited)",
					/Applications/Xcode.app/Contents/Developer/Toolchains/XcodeDefault.xctoolchain/usr/include,
					"$(SDKROOT)/usr/include/libxml2",
				);
				IPHONEOS_DEPLOYMENT_TARGET = 10.0;
				SDKROOT = iphoneos;
				VALID_ARCHS = "i386 x86_64 arm64 arm64e armv7 armv7s";
			};
			name = Debug;
		};
		BE4510621A9D252300C3F971 /* Release */ = {
			isa = XCBuildConfiguration;
			buildSettings = {
				ALWAYS_SEARCH_USER_PATHS = NO;
				CLANG_CXX_LANGUAGE_STANDARD = "gnu++0x";
				CLANG_CXX_LIBRARY = "libc++";
				CLANG_ENABLE_MODULES = YES;
				CLANG_ENABLE_OBJC_ARC = YES;
				CLANG_WARN_BLOCK_CAPTURE_AUTORELEASING = YES;
				CLANG_WARN_BOOL_CONVERSION = YES;
				CLANG_WARN_COMMA = YES;
				CLANG_WARN_CONSTANT_CONVERSION = YES;
				CLANG_WARN_DIRECT_OBJC_ISA_USAGE = YES_ERROR;
				CLANG_WARN_EMPTY_BODY = YES;
				CLANG_WARN_ENUM_CONVERSION = YES;
				CLANG_WARN_INFINITE_RECURSION = YES;
				CLANG_WARN_INT_CONVERSION = YES;
				CLANG_WARN_NON_LITERAL_NULL_CONVERSION = YES;
				CLANG_WARN_OBJC_LITERAL_CONVERSION = YES;
				CLANG_WARN_OBJC_ROOT_CLASS = YES_ERROR;
				CLANG_WARN_RANGE_LOOP_ANALYSIS = YES;
				CLANG_WARN_STRICT_PROTOTYPES = YES;
				CLANG_WARN_SUSPICIOUS_MOVE = YES;
				CLANG_WARN_UNREACHABLE_CODE = YES;
				CLANG_WARN__DUPLICATE_METHOD_MATCH = YES;
				COPY_PHASE_STRIP = YES;
				ENABLE_NS_ASSERTIONS = NO;
				ENABLE_STRICT_OBJC_MSGSEND = YES;
				GCC_C_LANGUAGE_STANDARD = gnu99;
				GCC_NO_COMMON_BLOCKS = YES;
				GCC_WARN_64_TO_32_BIT_CONVERSION = YES;
				GCC_WARN_ABOUT_RETURN_TYPE = YES_ERROR;
				GCC_WARN_UNDECLARED_SELECTOR = YES;
				GCC_WARN_UNINITIALIZED_AUTOS = YES;
				GCC_WARN_UNUSED_FUNCTION = YES;
				GCC_WARN_UNUSED_VARIABLE = YES;
				HEADER_SEARCH_PATHS = (
					"$(inherited)",
					/Applications/Xcode.app/Contents/Developer/Toolchains/XcodeDefault.xctoolchain/usr/include,
					"$(SDKROOT)/usr/include/libxml2",
				);
				IPHONEOS_DEPLOYMENT_TARGET = 10.0;
				SDKROOT = iphoneos;
				VALIDATE_PRODUCT = YES;
				VALID_ARCHS = "i386 x86_64 arm64 arm64e armv7 armv7s";
			};
			name = Release;
		};
		BE4510671A9D252300C3F971 /* Debug */ = {
			isa = XCBuildConfiguration;
			buildSettings = {
				"CODE_SIGN_IDENTITY[sdk=iphoneos*]" = "";
				DEVELOPMENT_TEAM = "";
				FRAMEWORK_SEARCH_PATHS = (
					"$(inherited)",
					"$(DEVELOPER_FRAMEWORKS_DIR)",
				);
				GCC_PRECOMPILE_PREFIX_HEADER = YES;
				GCC_PREFIX_HEADER = "Azure Storage Client Library/AZSClient-Prefix.pch";
				GCC_PREPROCESSOR_DEFINITIONS = (
					"DEBUG=1",
					"$(inherited)",
				);
				INFOPLIST_FILE = "Azure Storage Client LibraryTests/AZSClientTests-Info.plist";
				PRODUCT_BUNDLE_IDENTIFIER = "MS.${PRODUCT_NAME:rfc1034identifier}";
				PRODUCT_NAME = AZSClient;
				WRAPPER_EXTENSION = xctest;
			};
			name = Debug;
		};
		BE4510681A9D252300C3F971 /* Release */ = {
			isa = XCBuildConfiguration;
			buildSettings = {
				DEVELOPMENT_TEAM = "";
				FRAMEWORK_SEARCH_PATHS = (
					"$(inherited)",
					"$(DEVELOPER_FRAMEWORKS_DIR)",
				);
				GCC_PRECOMPILE_PREFIX_HEADER = YES;
				GCC_PREFIX_HEADER = "Azure Storage Client Library/AZSClient-Prefix.pch";
				INFOPLIST_FILE = "Azure Storage Client LibraryTests/AZSClientTests-Info.plist";
				PRODUCT_BUNDLE_IDENTIFIER = "MS.${PRODUCT_NAME:rfc1034identifier}";
				PRODUCT_NAME = AZSClient;
				WRAPPER_EXTENSION = xctest;
			};
			name = Release;
		};
		BF21040B23B8D8400016FEAA /* Debug */ = {
			isa = XCBuildConfiguration;
			buildSettings = {
				CLANG_ANALYZER_NONNULL = YES;
				CLANG_ANALYZER_NUMBER_OBJECT_CONVERSION = YES_AGGRESSIVE;
				CLANG_CXX_LANGUAGE_STANDARD = "gnu++14";
				CLANG_ENABLE_OBJC_WEAK = YES;
				CLANG_WARN_DEPRECATED_OBJC_IMPLEMENTATIONS = YES;
				CLANG_WARN_DOCUMENTATION_COMMENTS = YES;
				CLANG_WARN_OBJC_IMPLICIT_RETAIN_SELF = YES;
				CLANG_WARN_UNGUARDED_AVAILABILITY = YES_AGGRESSIVE;
				CODE_SIGN_IDENTITY = "iPhone Developer";
				CODE_SIGN_STYLE = Automatic;
				CURRENT_PROJECT_VERSION = 1;
				DEFINES_MODULE = YES;
				DEVELOPMENT_TEAM = "";
				DYLIB_COMPATIBILITY_VERSION = 1;
				DYLIB_CURRENT_VERSION = 1;
				DYLIB_INSTALL_NAME_BASE = "@rpath";
				GCC_C_LANGUAGE_STANDARD = gnu11;
				GCC_WARN_UNINITIALIZED_AUTOS = YES_AGGRESSIVE;
				INFOPLIST_FILE = "Azure Storage Client Library/Info.plist";
				INSTALL_PATH = "$(LOCAL_LIBRARY_DIR)/Frameworks";
				LD_RUNPATH_SEARCH_PATHS = "$(inherited) @executable_path/Frameworks @loader_path/Frameworks";
				MTL_ENABLE_DEBUG_INFO = INCLUDE_SOURCE;
				MTL_FAST_MATH = YES;
				PRODUCT_BUNDLE_IDENTIFIER = com.microsoft.azure.storage.AZSClient;
				PRODUCT_NAME = "$(TARGET_NAME:c99extidentifier)";
				SKIP_INSTALL = YES;
				SWIFT_ACTIVE_COMPILATION_CONDITIONS = DEBUG;
				SWIFT_OPTIMIZATION_LEVEL = "-Onone";
				SWIFT_VERSION = 5.0;
				VERSIONING_SYSTEM = "apple-generic";
				VERSION_INFO_PREFIX = "";
			};
			name = Debug;
		};
		BF21040C23B8D8400016FEAA /* Release */ = {
			isa = XCBuildConfiguration;
			buildSettings = {
				CLANG_ANALYZER_NONNULL = YES;
				CLANG_ANALYZER_NUMBER_OBJECT_CONVERSION = YES_AGGRESSIVE;
				CLANG_CXX_LANGUAGE_STANDARD = "gnu++14";
				CLANG_ENABLE_OBJC_WEAK = YES;
				CLANG_WARN_DEPRECATED_OBJC_IMPLEMENTATIONS = YES;
				CLANG_WARN_DOCUMENTATION_COMMENTS = YES;
				CLANG_WARN_OBJC_IMPLICIT_RETAIN_SELF = YES;
				CLANG_WARN_UNGUARDED_AVAILABILITY = YES_AGGRESSIVE;
				CODE_SIGN_IDENTITY = "iPhone Developer";
				CODE_SIGN_STYLE = Automatic;
				COPY_PHASE_STRIP = NO;
				CURRENT_PROJECT_VERSION = 1;
				DEFINES_MODULE = YES;
				DEVELOPMENT_TEAM = "";
				DYLIB_COMPATIBILITY_VERSION = 1;
				DYLIB_CURRENT_VERSION = 1;
				DYLIB_INSTALL_NAME_BASE = "@rpath";
				GCC_C_LANGUAGE_STANDARD = gnu11;
				GCC_WARN_UNINITIALIZED_AUTOS = YES_AGGRESSIVE;
				INFOPLIST_FILE = "Azure Storage Client Library/Info.plist";
				INSTALL_PATH = "$(LOCAL_LIBRARY_DIR)/Frameworks";
				LD_RUNPATH_SEARCH_PATHS = "$(inherited) @executable_path/Frameworks @loader_path/Frameworks";
				MTL_ENABLE_DEBUG_INFO = NO;
				MTL_FAST_MATH = YES;
				PRODUCT_BUNDLE_IDENTIFIER = com.microsoft.azure.storage.AZSClient;
				PRODUCT_NAME = "$(TARGET_NAME:c99extidentifier)";
				SKIP_INSTALL = YES;
				SWIFT_OPTIMIZATION_LEVEL = "-Owholemodule";
				SWIFT_VERSION = 5.0;
				VERSIONING_SYSTEM = "apple-generic";
				VERSION_INFO_PREFIX = "";
			};
			name = Release;
		};
/* End XCBuildConfiguration section */

/* Begin XCConfigurationList section */
		BE45103B1A9D252300C3F971 /* Build configuration list for PBXProject "AZSClient" */ = {
			isa = XCConfigurationList;
			buildConfigurations = (
				BE4510611A9D252300C3F971 /* Debug */,
				BE4510621A9D252300C3F971 /* Release */,
			);
			defaultConfigurationIsVisible = 0;
			defaultConfigurationName = Release;
		};
		BE4510661A9D252300C3F971 /* Build configuration list for PBXNativeTarget "AZSClientTests" */ = {
			isa = XCConfigurationList;
			buildConfigurations = (
				BE4510671A9D252300C3F971 /* Debug */,
				BE4510681A9D252300C3F971 /* Release */,
			);
			defaultConfigurationIsVisible = 0;
			defaultConfigurationName = Release;
		};
		BF21040A23B8D8400016FEAA /* Build configuration list for PBXNativeTarget "AZSClient" */ = {
			isa = XCConfigurationList;
			buildConfigurations = (
				BF21040B23B8D8400016FEAA /* Debug */,
				BF21040C23B8D8400016FEAA /* Release */,
			);
			defaultConfigurationIsVisible = 0;
			defaultConfigurationName = Release;
		};
/* End XCConfigurationList section */
	};
	rootObject = BE4510381A9D252300C3F971 /* Project object */;
}
